<?xml version="1.0" encoding="utf-8"?>
<Project ToolsVersion="16.0" xmlns="http://schemas.microsoft.com/developer/msbuild/2003">
  <ItemGroup>
    <ClCompile Include="src\PlayerController.cpp" />
    <ClCompile Include="src\SandboxApp.cpp" />
  </ItemGroup>
  <ItemGroup>
    <ClInclude Include="src\PlayerController.h" />
  </ItemGroup>
  <ItemGroup>
    <Filter Include="Sandbox">
      <UniqueIdentifier>{F780AC7C-600F-3C11-9FEC-392FD1B9269F}</UniqueIdentifier>
    </Filter>
    <Filter Include="Sandbox\src">
      <UniqueIdentifier>{6351CB58-5B3B-3549-8E4A-366D7144A3E2}</UniqueIdentifier>
    </Filter>
  </ItemGroup>
</Project>