
Microsoft Visual Studio Solution File, Format Version 12.00
# Visual Studio 16
Global
	GlobalSection(SolutionConfigurationPlatforms) = preSolution
		Debug_NO_EDITOR|Win32 = Debug_NO_EDITOR|Win32
		Debug|Win32 = Debug|Win32
		Dist|Win32 = Dist|Win32
		Release_NO_EDITOR|Win32 = Release_NO_EDITOR|Win32
		Release|Win32 = Release|Win32
	EndGlobalSection
	GlobalSection(ProjectConfigurationPlatforms) = postSolution
	EndGlobalSection
	GlobalSection(SolutionProperties) = preSolution
		HideSolutionNode = FALSE
	EndGlobalSection
EndGlobal
