<?xml version="1.0" encoding="utf-8"?>
<Project ToolsVersion="4.0" xmlns="http://schemas.microsoft.com/developer/msbuild/2003">
  <ItemGroup>
    <Filter Include="inc">
      <UniqueIdentifier>{1F80880B-8B89-887C-1405-9F7C800D947C}</UniqueIdentifier>
    </Filter>
    <Filter Include="inc\Engine">
      <UniqueIdentifier>{C431D713-B0E9-1861-19F1-F1BC05C8B351}</UniqueIdentifier>
    </Filter>
    <Filter Include="inc\Engine\Component">
      <UniqueIdentifier>{260F3565-129E-BE2E-BBBC-D229A72ACFD4}</UniqueIdentifier>
    </Filter>
    <Filter Include="inc\Engine\Config">
      <UniqueIdentifier>{49886EBE-B59E-6C54-FE15-F8756A6B3DDC}</UniqueIdentifier>
    </Filter>
    <Filter Include="inc\Engine\Content">
      <UniqueIdentifier>{0E2F478C-FA12-08E2-6373-02354F76F263}</UniqueIdentifier>
    </Filter>
    <Filter Include="inc\Engine\Core">
      <UniqueIdentifier>{9C10AA2B-089C-17F0-11AD-9AE47DB773F0}</UniqueIdentifier>
    </Filter>
    <Filter Include="inc\Engine\Core\Collections">
      <UniqueIdentifier>{8A1B0F0C-F628-3DF2-7F0F-39DDEB1B09A9}</UniqueIdentifier>
    </Filter>
    <Filter Include="inc\Engine\Core\Maths">
      <UniqueIdentifier>{0816BEC2-7482-79BD-3D76-111BA9A19B25}</UniqueIdentifier>
    </Filter>
    <Filter Include="inc\Engine\Core\Types">
      <UniqueIdentifier>{40D949C3-AC45-05BE-7539-9D1BE1642726}</UniqueIdentifier>
    </Filter>
    <Filter Include="inc\Engine\Entitiy">
      <UniqueIdentifier>{F9494D24-E52D-0E7A-4E8E-08CD3A91F8FB}</UniqueIdentifier>
    </Filter>
    <Filter Include="inc\Engine\Enums">
      <UniqueIdentifier>{FBD60FA1-E7CF-2EF3-1002-1478FC590EFF}</UniqueIdentifier>
    </Filter>
    <Filter Include="inc\Engine\Event">
      <UniqueIdentifier>{15F613A1-01EF-32F3-2A21-1878167912FF}</UniqueIdentifier>
    </Filter>
    <Filter Include="inc\Engine\FileSystem">
      <UniqueIdentifier>{58F187E1-C45D-43DC-8D51-DB39F97C6544}</UniqueIdentifier>
    </Filter>
    <Filter Include="inc\Engine\Graphics">
      <UniqueIdentifier>{8436898E-F097-669C-7905-AD4EE5659D5B}</UniqueIdentifier>
    </Filter>
    <Filter Include="inc\Engine\Graphics\Image">
      <UniqueIdentifier>{76EB297E-E2AD-5D08-2B5E-EC94975F36E6}</UniqueIdentifier>
    </Filter>
    <Filter Include="inc\Engine\Graphics\RenderGraph">
      <UniqueIdentifier>{C552B1AE-3136-C0EE-3A39-EE2AA69B863F}</UniqueIdentifier>
    </Filter>
    <Filter Include="inc\Engine\Graphics\Shaders">
      <UniqueIdentifier>{5D9F6DA6-C9AC-9B8C-5293-9777BE9F6743}</UniqueIdentifier>
    </Filter>
    <Filter Include="inc\Engine\GraphicsAPI">
      <UniqueIdentifier>{1EF7CE0B-0AF1-F75D-F35D-8E6EDFF65DCA}</UniqueIdentifier>
    </Filter>
    <Filter Include="inc\Engine\GraphicsAPI\Vulkan">
      <UniqueIdentifier>{DE16391F-4A2F-2049-13DC-AFE27FB3B4E2}</UniqueIdentifier>
    </Filter>
    <Filter Include="inc\Engine\GraphicsAPI\Vulkan\RenderGraph">
      <UniqueIdentifier>{1F8A9ACD-8BA4-FD6E-D4C6-0D0340202576}</UniqueIdentifier>
    </Filter>
    <Filter Include="inc\Engine\GraphicsAPI\Vulkan\Win32">
      <UniqueIdentifier>{407D369C-AC36-A146-3596-BB20A14E57B6}</UniqueIdentifier>
    </Filter>
    <Filter Include="inc\Engine\Input">
      <UniqueIdentifier>{C32458A1-AF1D-77F3-D84F-5C78C4A756FF}</UniqueIdentifier>
    </Filter>
    <Filter Include="inc\Engine\Instrumentor">
      <UniqueIdentifier>{8D6D8ED9-F9A4-D670-02AF-3A946E65FD69}</UniqueIdentifier>
    </Filter>
    <Filter Include="inc\Engine\Library">
      <UniqueIdentifier>{C80E3A32-B4F2-FA87-1D53-F5DA0956E509}</UniqueIdentifier>
    </Filter>
    <Filter Include="inc\Engine\Memory">
      <UniqueIdentifier>{ACC40CD5-18DB-0A6B-6152-968CCDA7DBF2}</UniqueIdentifier>
    </Filter>
    <Filter Include="inc\Engine\Model">
      <UniqueIdentifier>{04DEA0A1-F0D6-BFF3-1909-A57805619FFF}</UniqueIdentifier>
    </Filter>
    <Filter Include="inc\Engine\Module">
      <UniqueIdentifier>{F9E2BCD5-65F9-BA6B-AE70-468D1AC68BF3}</UniqueIdentifier>
    </Filter>
    <Filter Include="inc\Engine\Platform">
      <UniqueIdentifier>{98AA430F-040C-211D-8D79-67CFF9D957DC}</UniqueIdentifier>
    </Filter>
    <Filter Include="inc\Engine\Platform\Win32">
      <UniqueIdentifier>{7A74738A-E636-A714-2FE7-35A19BE87FF2}</UniqueIdentifier>
    </Filter>
    <Filter Include="inc\Engine\Platform\Windows">
      <UniqueIdentifier>{D26C3EF5-3E7A-6CDB-C760-68C6336D3892}</UniqueIdentifier>
    </Filter>
    <Filter Include="inc\Engine\RTTI">
      <UniqueIdentifier>{76D3B12B-E25E-1FF0-EB6F-A2E4577A7BF0}</UniqueIdentifier>
    </Filter>
    <Filter Include="inc\Engine\Scene">
      <UniqueIdentifier>{E1E106A2-CDDA-25F4-F60C-0B79E2640500}</UniqueIdentifier>
    </Filter>
    <Filter Include="inc\Engine\Serialization">
      <UniqueIdentifier>{515147AC-3D76-962C-66C1-7BBC5245954A}</UniqueIdentifier>
    </Filter>
    <Filter Include="inc\Engine\Serialization\File">
      <UniqueIdentifier>{207BEE22-8C93-D54C-5540-65E6C1176AE6}</UniqueIdentifier>
    </Filter>
    <Filter Include="inc\Engine\ShaderParser">
      <UniqueIdentifier>{77392CE8-E370-747F-EC7A-D8A258319B78}</UniqueIdentifier>
    </Filter>
    <Filter Include="inc\Engine\Templates">
      <UniqueIdentifier>{A213A9E6-8EA2-32B0-37C1-46AB232F4356}</UniqueIdentifier>
    </Filter>
    <Filter Include="inc\Engine\Threading">
      <UniqueIdentifier>{096DE311-F5FB-6CDB-9E1A-81D68A887D81}</UniqueIdentifier>
    </Filter>
    <Filter Include="inc\Engine\Time">
      <UniqueIdentifier>{E248B32B-4ED4-20F0-57E5-A3E4C3EF7CF0}</UniqueIdentifier>
    </Filter>
    <Filter Include="inc\Engine\Utils">
      <UniqueIdentifier>{247634A2-106F-53F4-39A1-387925F93200}</UniqueIdentifier>
    </Filter>
    <Filter Include="inc\Platform">
      <UniqueIdentifier>{534F0EE6-3FB2-9D8A-E837-D640D479690D}</UniqueIdentifier>
    </Filter>
    <Filter Include="inc\Platform\Vulkan">
      <UniqueIdentifier>{738166A7-DFE2-43B5-6850-8A67D4B07A74}</UniqueIdentifier>
    </Filter>
    <Filter Include="src">
      <UniqueIdentifier>{2DAB880B-99B4-887C-2230-9F7C8E38947C}</UniqueIdentifier>
    </Filter>
    <Filter Include="src\Engine">
      <UniqueIdentifier>{12A1320E-FE58-745B-6760-4DB753370F4C}</UniqueIdentifier>
    </Filter>
    <Filter Include="src\Engine\Component">
      <UniqueIdentifier>{F4772622-E006-B0EB-8925-C4E67593C091}</UniqueIdentifier>
    </Filter>
    <Filter Include="src\Engine\Config">
      <UniqueIdentifier>{D7F3C5AB-430A-C441-8C81-4F63F8D694C9}</UniqueIdentifier>
    </Filter>
    <Filter Include="src\Engine\Core">
      <UniqueIdentifier>{AA407579-16CC-E23D-1FDD-65328BE73E3E}</UniqueIdentifier>
    </Filter>
    <Filter Include="src\Engine\Core\Maths">
      <UniqueIdentifier>{9698DC1D-0205-9818-CBF8-2F763724BA80}</UniqueIdentifier>
    </Filter>
    <Filter Include="src\Engine\Core\Types">
      <UniqueIdentifier>{CE5B681E-3AC8-2319-03BC-BB766FE74581}</UniqueIdentifier>
    </Filter>
    <Filter Include="src\Engine\Entitiy">
      <UniqueIdentifier>{472792BC-330B-5312-9C6B-4D65886E3D94}</UniqueIdentifier>
    </Filter>
    <Filter Include="src\Engine\Event">
      <UniqueIdentifier>{E32745A8-CF20-64FA-F852-497FE4AA4306}</UniqueIdentifier>
    </Filter>
    <Filter Include="src\Engine\FileSystem">
      <UniqueIdentifier>{E673A63C-52E0-6137-1BD4-F99487FF839F}</UniqueIdentifier>
    </Filter>
    <Filter Include="src\Engine\Graphics">
      <UniqueIdentifier>{92BD692F-FE1E-473D-878C-8DEFF3EC7DFC}</UniqueIdentifier>
    </Filter>
    <Filter Include="src\Engine\Graphics\Image">
      <UniqueIdentifier>{0405C372-70C7-F6FC-B977-85892579CFDA}</UniqueIdentifier>
    </Filter>
    <Filter Include="src\Engine\Graphics\RenderGraph">
      <UniqueIdentifier>{D3DEC614-3FC2-D554-48C5-0391B4279CA5}</UniqueIdentifier>
    </Filter>
    <Filter Include="src\Engine\Graphics\Shaders">
      <UniqueIdentifier>{6B54B325-D761-E10B-6048-DDF6CC54ADC2}</UniqueIdentifier>
    </Filter>
    <Filter Include="src\Engine\GraphicsAPI">
      <UniqueIdentifier>{6CCBBDCA-58C5-E61C-4132-7D2D2DCB4C89}</UniqueIdentifier>
    </Filter>
    <Filter Include="src\Engine\GraphicsAPI\Vulkan">
      <UniqueIdentifier>{6C47C086-D85F-A7B0-A10C-374A0DE43B4A}</UniqueIdentifier>
    </Filter>
    <Filter Include="src\Engine\GraphicsAPI\Vulkan\RenderGraph">
      <UniqueIdentifier>{ADFF2090-191A-8431-623C-94C5CE95AB38}</UniqueIdentifier>
    </Filter>
    <Filter Include="src\Engine\GraphicsAPI\Vulkan\Win32">
      <UniqueIdentifier>{4E602FEB-BA19-9A95-4379-B46FAF315005}</UniqueIdentifier>
    </Filter>
    <Filter Include="src\Engine\Input">
      <UniqueIdentifier>{915689A8-7D4F-A8FA-A681-8D7F92D98706}</UniqueIdentifier>
    </Filter>
    <Filter Include="src\Engine\Library">
      <UniqueIdentifier>{16EC7ECA-02D0-3F20-6B30-3A7357332AA2}</UniqueIdentifier>
    </Filter>
    <Filter Include="src\Engine\Memory">
      <UniqueIdentifier>{3A3064C2-A646-6258-EFBD-ED795B1333E0}</UniqueIdentifier>
    </Filter>
    <Filter Include="src\Engine\Model">
      <UniqueIdentifier>{D20FD2A8-BE08-F1FA-E73A-D67FD392D006}</UniqueIdentifier>
    </Filter>
    <Filter Include="src\Engine\Module">
      <UniqueIdentifier>{874E14C3-F364-1259-3CDC-9D7AA831E3E0}</UniqueIdentifier>
    </Filter>
    <Filter Include="src\Engine\Platform">
      <UniqueIdentifier>{A63124B0-1293-01BE-9B00-48700761387D}</UniqueIdentifier>
    </Filter>
    <Filter Include="src\Engine\Platform\Win32">
      <UniqueIdentifier>{088E0C7F-7450-4009-BD00-CF95290219E7}</UniqueIdentifier>
    </Filter>
    <Filter Include="src\Engine\Platform\Windows">
      <UniqueIdentifier>{E0218474-4C2F-B25A-D515-AE4541227E11}</UniqueIdentifier>
    </Filter>
    <Filter Include="src\Engine\RTTI">
      <UniqueIdentifier>{84037D79-F08E-EA3D-F99F-6D3265AA463E}</UniqueIdentifier>
    </Filter>
    <Filter Include="src\Engine\Scene">
      <UniqueIdentifier>{AF1338A9-9B0C-57FB-C43E-3C80B0963607}</UniqueIdentifier>
    </Filter>
    <Filter Include="src\Engine\Serialization">
      <UniqueIdentifier>{1F713CE2-0B96-8B62-34E1-70F220658A80}</UniqueIdentifier>
    </Filter>
    <Filter Include="src\Engine\Serialization\File">
      <UniqueIdentifier>{AEAB758A-1AC4-5CB4-E370-EC4D4F48F14D}</UniqueIdentifier>
    </Filter>
    <Filter Include="src\Engine\ShaderParser">
      <UniqueIdentifier>{8597F584-F1CE-3D1C-FAD8-A13F668F6415}</UniqueIdentifier>
    </Filter>
    <Filter Include="src\Engine\Threading">
      <UniqueIdentifier>{D7D5D4CE-C364-5E98-6C83-729358F16E3E}</UniqueIdentifier>
    </Filter>
    <Filter Include="src\Engine\Time">
      <UniqueIdentifier>{F0787E79-5C04-EC3D-6515-6F32D11F483E}</UniqueIdentifier>
    </Filter>
    <Filter Include="src\Engine\Utils">
      <UniqueIdentifier>{F2A765A9-DEA0-84FB-07D3-6980F32A6407}</UniqueIdentifier>
    </Filter>
    <Filter Include="src\Platform">
      <UniqueIdentifier>{21CA02E5-0D2D-9289-B6B2-CA3FA2F45D0C}</UniqueIdentifier>
    </Filter>
    <Filter Include="src\Platform\Vulkan">
      <UniqueIdentifier>{81084748-ED69-2456-76D7-6A08E2375B15}</UniqueIdentifier>
    </Filter>
    <Filter Include="vendor">
      <UniqueIdentifier>{B3738122-9F15-ACF8-88D0-BF4C74113349}</UniqueIdentifier>
    </Filter>
    <Filter Include="vendor\IconFontCppHeaders">
      <UniqueIdentifier>{0128ED43-6DEA-20CE-B69A-AF5A229CF9AB}</UniqueIdentifier>
    </Filter>
    <Filter Include="vendor\TinyXML2">
      <UniqueIdentifier>{496EA29A-B5F9-0F5F-BE0A-93532A156C5F}</UniqueIdentifier>
    </Filter>
    <Filter Include="vendor\glm">
      <UniqueIdentifier>{829FC5A8-6E57-07F6-D75E-E051C335A2E6}</UniqueIdentifier>
    </Filter>
    <Filter Include="vendor\glm\glm">
      <UniqueIdentifier>{D11AC9C9-BDE8-BCCF-A67C-2DF692E99834}</UniqueIdentifier>
    </Filter>
    <Filter Include="vendor\glm\glm\detail">
      <UniqueIdentifier>{739DA071-DF09-5C6C-A8FD-F3C914297ED4}</UniqueIdentifier>
    </Filter>
    <Filter Include="vendor\glm\glm\ext">
      <UniqueIdentifier>{B19EA76B-9D82-68C1-06E3-6214F2E55243}</UniqueIdentifier>
    </Filter>
    <Filter Include="vendor\glm\glm\gtc">
      <UniqueIdentifier>{9EA6A76B-8A8A-68C1-F3EA-6214DFED5243}</UniqueIdentifier>
    </Filter>
    <Filter Include="vendor\glm\glm\gtx">
      <UniqueIdentifier>{B3A6A76B-9F8A-68C1-08EB-6214F4ED5243}</UniqueIdentifier>
    </Filter>
    <Filter Include="vendor\stb_image">
      <UniqueIdentifier>{0DA0BA59-F998-D9AB-22CB-BE300E23B9B7}</UniqueIdentifier>
    </Filter>
  </ItemGroup>
  <ItemGroup>
    <ClInclude Include="inc\Engine\Component\CameraComponent.h">
      <Filter>inc\Engine\Component</Filter>
    </ClInclude>
    <ClInclude Include="inc\Engine\Component\Component.h">
      <Filter>inc\Engine\Component</Filter>
    </ClInclude>
    <ClInclude Include="inc\Engine\Component\MeshComponent.h">
      <Filter>inc\Engine\Component</Filter>
    </ClInclude>
    <ClInclude Include="inc\Engine\Component\TransformComponent.h">
      <Filter>inc\Engine\Component</Filter>
    </ClInclude>
    <ClInclude Include="inc\Engine\Config\CVar.h">
      <Filter>inc\Engine\Config</Filter>
    </ClInclude>
    <ClInclude Include="inc\Engine\Config\CVarParser.h">
      <Filter>inc\Engine\Config</Filter>
    </ClInclude>
    <ClInclude Include="inc\Engine\Config\Config.h">
      <Filter>inc\Engine\Config</Filter>
    </ClInclude>
    <ClInclude Include="inc\Engine\Config\ConfigRegistry.h">
      <Filter>inc\Engine\Config</Filter>
    </ClInclude>
    <ClInclude Include="inc\Engine\Config\ICVar.h">
      <Filter>inc\Engine\Config</Filter>
    </ClInclude>
    <ClInclude Include="inc\Engine\Content\Assert.h">
      <Filter>inc\Engine\Content</Filter>
    </ClInclude>
    <ClInclude Include="inc\Engine\Content\Asset.h">
      <Filter>inc\Engine\Content</Filter>
    </ClInclude>
    <ClInclude Include="inc\Engine\Core\Application.h">
      <Filter>inc\Engine\Core</Filter>
    </ClInclude>
    <ClInclude Include="inc\Engine\Core\Collections\Buffer.h">
      <Filter>inc\Engine\Core\Collections</Filter>
    </ClInclude>
    <ClInclude Include="inc\Engine\Core\Collections\DynamicBuffer.h">
      <Filter>inc\Engine\Core\Collections</Filter>
    </ClInclude>
    <ClInclude Include="inc\Engine\Core\Collections\HashFunctions.h">
      <Filter>inc\Engine\Core\Collections</Filter>
    </ClInclude>
    <ClInclude Include="inc\Engine\Core\Collections\span.h">
      <Filter>inc\Engine\Core\Collections</Filter>
    </ClInclude>
    <ClInclude Include="inc\Engine\Core\Common.h">
      <Filter>inc\Engine\Core</Filter>
    </ClInclude>
    <ClInclude Include="inc\Engine\Core\Compiler.h">
      <Filter>inc\Engine\Core</Filter>
    </ClInclude>
    <ClInclude Include="inc\Engine\Core\Core.h">
      <Filter>inc\Engine\Core</Filter>
    </ClInclude>
    <ClInclude Include="inc\Engine\Core\DerivedFrom.h">
      <Filter>inc\Engine\Core</Filter>
    </ClInclude>
    <ClInclude Include="inc\Engine\Core\EntryPoint.h">
      <Filter>inc\Engine\Core</Filter>
    </ClInclude>
    <ClInclude Include="inc\Engine\Core\Enums.h">
      <Filter>inc\Engine\Core</Filter>
    </ClInclude>
    <ClInclude Include="inc\Engine\Core\HashFunctions.h">
      <Filter>inc\Engine\Core</Filter>
    </ClInclude>
    <ClInclude Include="inc\Engine\Core\InsightAlias.h">
      <Filter>inc\Engine\Core</Filter>
    </ClInclude>
    <ClInclude Include="inc\Engine\Core\Log.h">
      <Filter>inc\Engine\Core</Filter>
    </ClInclude>
    <ClInclude Include="inc\Engine\Core\Maths\Maths.h">
      <Filter>inc\Engine\Core\Maths</Filter>
    </ClInclude>
    <ClInclude Include="inc\Engine\Core\NonCopyable.h">
      <Filter>inc\Engine\Core</Filter>
    </ClInclude>
    <ClInclude Include="inc\Engine\Core\Object.h">
      <Filter>inc\Engine\Core</Filter>
    </ClInclude>
    <ClInclude Include="inc\Engine\Core\Templates.h">
      <Filter>inc\Engine\Core</Filter>
    </ClInclude>
    <ClInclude Include="inc\Engine\Core\Type.h">
      <Filter>inc\Engine\Core</Filter>
    </ClInclude>
    <ClInclude Include="inc\Engine\Core\Types\DateTime.h">
      <Filter>inc\Engine\Core\Types</Filter>
    </ClInclude>
    <ClInclude Include="inc\Engine\Core\Types\TimeSpan.h">
      <Filter>inc\Engine\Core\Types</Filter>
    </ClInclude>
    <ClInclude Include="inc\Engine\Core\Utils.h">
      <Filter>inc\Engine\Core</Filter>
    </ClInclude>
    <ClInclude Include="inc\Engine\Entitiy\Entity.h">
      <Filter>inc\Engine\Entitiy</Filter>
    </ClInclude>
    <ClInclude Include="inc\Engine\Enums\GPUResourceUsage.h">
      <Filter>inc\Engine\Enums</Filter>
    </ClInclude>
    <ClInclude Include="inc\Engine\Enums\PropertyFlags.h">
      <Filter>inc\Engine\Enums</Filter>
    </ClInclude>
    <ClInclude Include="inc\Engine\Event\ApplicationEvent.h">
      <Filter>inc\Engine\Event</Filter>
    </ClInclude>
    <ClInclude Include="inc\Engine\Event\Event.h">
      <Filter>inc\Engine\Event</Filter>
    </ClInclude>
    <ClInclude Include="inc\Engine\Event\EventManager.h">
      <Filter>inc\Engine\Event</Filter>
    </ClInclude>
    <ClInclude Include="inc\Engine\FileSystem\FileHandle.h">
      <Filter>inc\Engine\FileSystem</Filter>
    </ClInclude>
    <ClInclude Include="inc\Engine\FileSystem\FileSystem.h">
      <Filter>inc\Engine\FileSystem</Filter>
    </ClInclude>
    <ClInclude Include="inc\Engine\FileSystem\WatchInfo.h">
      <Filter>inc\Engine\FileSystem</Filter>
    </ClInclude>
    <ClInclude Include="inc\Engine\Graphics\Config.h">
      <Filter>inc\Engine\Graphics</Filter>
    </ClInclude>
    <ClInclude Include="inc\Engine\Graphics\Enums.h">
      <Filter>inc\Engine\Graphics</Filter>
    </ClInclude>
    <ClInclude Include="inc\Engine\Graphics\Framebuffer.h">
      <Filter>inc\Engine\Graphics</Filter>
    </ClInclude>
    <ClInclude Include="inc\Engine\Graphics\GPUAdapter.h">
      <Filter>inc\Engine\Graphics</Filter>
    </ClInclude>
    <ClInclude Include="inc\Engine\Graphics\GPUBuffer.h">
      <Filter>inc\Engine\Graphics</Filter>
    </ClInclude>
    <ClInclude Include="inc\Engine\Graphics\GPUBufferDescription.h">
      <Filter>inc\Engine\Graphics</Filter>
    </ClInclude>
    <ClInclude Include="inc\Engine\Graphics\GPUCommandBuffer.h">
      <Filter>inc\Engine\Graphics</Filter>
    </ClInclude>
    <ClInclude Include="inc\Engine\Graphics\GPUDevice.h">
      <Filter>inc\Engine\Graphics</Filter>
    </ClInclude>
    <ClInclude Include="inc\Engine\Graphics\GPULimits.h">
      <Filter>inc\Engine\Graphics</Filter>
    </ClInclude>
    <ClInclude Include="inc\Engine\Graphics\GPUResource.h">
      <Filter>inc\Engine\Graphics</Filter>
    </ClInclude>
    <ClInclude Include="inc\Engine\Graphics\GPUResourceCollection.h">
      <Filter>inc\Engine\Graphics</Filter>
    </ClInclude>
    <ClInclude Include="inc\Engine\Graphics\GPUResourceState.h">
      <Filter>inc\Engine\Graphics</Filter>
    </ClInclude>
    <ClInclude Include="inc\Engine\Graphics\GPUSamplerDescription.h">
      <Filter>inc\Engine\Graphics</Filter>
    </ClInclude>
    <ClInclude Include="inc\Engine\Graphics\GPUTimerQuery.h">
      <Filter>inc\Engine\Graphics</Filter>
    </ClInclude>
    <ClInclude Include="inc\Engine\Graphics\ImGuiRenderer.h">
      <Filter>inc\Engine\Graphics</Filter>
    </ClInclude>
    <ClInclude Include="inc\Engine\Graphics\Image\GPUImage.h">
      <Filter>inc\Engine\Graphics\Image</Filter>
    </ClInclude>
    <ClInclude Include="inc\Engine\Graphics\Image\GPUImageDescription.h">
      <Filter>inc\Engine\Graphics\Image</Filter>
    </ClInclude>
    <ClInclude Include="inc\Engine\Graphics\Material.h">
      <Filter>inc\Engine\Graphics</Filter>
    </ClInclude>
    <ClInclude Include="inc\Engine\Graphics\PixelFormat.h">
      <Filter>inc\Engine\Graphics</Filter>
    </ClInclude>
    <ClInclude Include="inc\Engine\Graphics\PixelFormatExtensions.h">
      <Filter>inc\Engine\Graphics</Filter>
    </ClInclude>
    <ClInclude Include="inc\Engine\Graphics\RenderGraph\RenderGraph.h">
      <Filter>inc\Engine\Graphics\RenderGraph</Filter>
    </ClInclude>
    <ClInclude Include="inc\Engine\Graphics\RenderGraph\RenderPass.h">
      <Filter>inc\Engine\Graphics\RenderGraph</Filter>
    </ClInclude>
    <ClInclude Include="inc\Engine\Graphics\RenderPassInfo.h">
      <Filter>inc\Engine\Graphics</Filter>
    </ClInclude>
    <ClInclude Include="inc\Engine\Graphics\Renderer.h">
      <Filter>inc\Engine\Graphics</Filter>
    </ClInclude>
    <ClInclude Include="inc\Engine\Graphics\ShaderCompliation.h">
      <Filter>inc\Engine\Graphics</Filter>
    </ClInclude>
    <ClInclude Include="inc\Engine\Graphics\Shaders\GPUShader.h">
      <Filter>inc\Engine\Graphics\Shaders</Filter>
    </ClInclude>
    <ClInclude Include="inc\Engine\Graphics\SplashScreen.h">
      <Filter>inc\Engine\Graphics</Filter>
    </ClInclude>
    <ClInclude Include="inc\Engine\Graphics\Texture.h">
      <Filter>inc\Engine\Graphics</Filter>
    </ClInclude>
    <ClInclude Include="inc\Engine\GraphicsAPI\Vulkan\Config.h">
      <Filter>inc\Engine\GraphicsAPI\Vulkan</Filter>
    </ClInclude>
    <ClInclude Include="inc\Engine\GraphicsAPI\Vulkan\GPUAdapterVulkan.h">
      <Filter>inc\Engine\GraphicsAPI\Vulkan</Filter>
    </ClInclude>
    <ClInclude Include="inc\Engine\GraphicsAPI\Vulkan\GPUCommandBufferVulkan.h">
      <Filter>inc\Engine\GraphicsAPI\Vulkan</Filter>
    </ClInclude>
    <ClInclude Include="inc\Engine\GraphicsAPI\Vulkan\GPUDeviceVulkan.h">
      <Filter>inc\Engine\GraphicsAPI\Vulkan</Filter>
    </ClInclude>
    <ClInclude Include="inc\Engine\GraphicsAPI\Vulkan\GPUImageVulkan.h">
      <Filter>inc\Engine\GraphicsAPI\Vulkan</Filter>
    </ClInclude>
    <ClInclude Include="inc\Engine\GraphicsAPI\Vulkan\GPUShaderVulkan.h">
      <Filter>inc\Engine\GraphicsAPI\Vulkan</Filter>
    </ClInclude>
    <ClInclude Include="inc\Engine\GraphicsAPI\Vulkan\RenderGraph\RenderGraphVulkan.h">
      <Filter>inc\Engine\GraphicsAPI\Vulkan\RenderGraph</Filter>
    </ClInclude>
    <ClInclude Include="inc\Engine\GraphicsAPI\Vulkan\Types.h">
      <Filter>inc\Engine\GraphicsAPI\Vulkan</Filter>
    </ClInclude>
    <ClInclude Include="inc\Engine\GraphicsAPI\Vulkan\VmaUsage.h">
      <Filter>inc\Engine\GraphicsAPI\Vulkan</Filter>
    </ClInclude>
    <ClInclude Include="inc\Engine\GraphicsAPI\Vulkan\VulkanDebug.h">
      <Filter>inc\Engine\GraphicsAPI\Vulkan</Filter>
    </ClInclude>
    <ClInclude Include="inc\Engine\GraphicsAPI\Vulkan\VulkanHeaders.h">
      <Filter>inc\Engine\GraphicsAPI\Vulkan</Filter>
    </ClInclude>
    <ClInclude Include="inc\Engine\GraphicsAPI\Vulkan\VulkanInitializers.h">
      <Filter>inc\Engine\GraphicsAPI\Vulkan</Filter>
    </ClInclude>
    <ClInclude Include="inc\Engine\GraphicsAPI\Vulkan\VulkanPlatform.h">
      <Filter>inc\Engine\GraphicsAPI\Vulkan</Filter>
    </ClInclude>
    <ClInclude Include="inc\Engine\GraphicsAPI\Vulkan\VulkanPlatformBase.h">
      <Filter>inc\Engine\GraphicsAPI\Vulkan</Filter>
    </ClInclude>
    <ClInclude Include="inc\Engine\GraphicsAPI\Vulkan\VulkanUtils.h">
      <Filter>inc\Engine\GraphicsAPI\Vulkan</Filter>
    </ClInclude>
    <ClInclude Include="inc\Engine\GraphicsAPI\Vulkan\Win32\Win32VulkanPlatform.h">
      <Filter>inc\Engine\GraphicsAPI\Vulkan\Win32</Filter>
    </ClInclude>
    <ClInclude Include="inc\Engine\Input\Input.h">
      <Filter>inc\Engine\Input</Filter>
    </ClInclude>
    <ClInclude Include="inc\Engine\Input\InsightKeyCodes.h">
      <Filter>inc\Engine\Input</Filter>
    </ClInclude>
    <ClInclude Include="inc\Engine\Instrumentor\Instrumentor.h">
      <Filter>inc\Engine\Instrumentor</Filter>
    </ClInclude>
    <ClInclude Include="inc\Engine\Library\Library.h">
      <Filter>inc\Engine\Library</Filter>
    </ClInclude>
    <ClInclude Include="inc\Engine\Library\ModelLibrary.h">
      <Filter>inc\Engine\Library</Filter>
    </ClInclude>
    <ClInclude Include="inc\Engine\Library\ShaderLibrary.h">
      <Filter>inc\Engine\Library</Filter>
    </ClInclude>
    <ClInclude Include="inc\Engine\Memory\CrtAllocator.h">
      <Filter>inc\Engine\Memory</Filter>
    </ClInclude>
    <ClInclude Include="inc\Engine\Memory\FreeListAllocator.h">
      <Filter>inc\Engine\Memory</Filter>
    </ClInclude>
    <ClInclude Include="inc\Engine\Memory\Memory.h">
      <Filter>inc\Engine\Memory</Filter>
    </ClInclude>
    <ClInclude Include="inc\Engine\Memory\MemoryManager.h">
      <Filter>inc\Engine\Memory</Filter>
    </ClInclude>
    <ClInclude Include="inc\Engine\Memory\MemoryUtils.h">
      <Filter>inc\Engine\Memory</Filter>
    </ClInclude>
    <ClInclude Include="inc\Engine\Memory\ProfilerMemory.h">
      <Filter>inc\Engine\Memory</Filter>
    </ClInclude>
    <ClInclude Include="inc\Engine\Memory\SinglyLinkedList.h">
      <Filter>inc\Engine\Memory</Filter>
    </ClInclude>
    <ClInclude Include="inc\Engine\Memory\StackAllocator.h">
      <Filter>inc\Engine\Memory</Filter>
    </ClInclude>
    <ClInclude Include="inc\Engine\Model\Mesh.h">
      <Filter>inc\Engine\Model</Filter>
    </ClInclude>
    <ClInclude Include="inc\Engine\Model\Model.h">
      <Filter>inc\Engine\Model</Filter>
    </ClInclude>
    <ClInclude Include="inc\Engine\Model\SubMesh.h">
      <Filter>inc\Engine\Model</Filter>
    </ClInclude>
    <ClInclude Include="inc\Engine\Module\AssetModule.h">
      <Filter>inc\Engine\Module</Filter>
    </ClInclude>
    <ClInclude Include="inc\Engine\Module\GraphicsModule.h">
      <Filter>inc\Engine\Module</Filter>
    </ClInclude>
    <ClInclude Include="inc\Engine\Module\InputModule.h">
      <Filter>inc\Engine\Module</Filter>
    </ClInclude>
    <ClInclude Include="inc\Engine\Module\Module.h">
      <Filter>inc\Engine\Module</Filter>
    </ClInclude>
    <ClInclude Include="inc\Engine\Module\ModuleManager.h">
      <Filter>inc\Engine\Module</Filter>
    </ClInclude>
    <ClInclude Include="inc\Engine\Module\WindowModule.h">
      <Filter>inc\Engine\Module</Filter>
    </ClInclude>
    <ClInclude Include="inc\Engine\Platform\CriticalSection.h">
      <Filter>inc\Engine\Platform</Filter>
    </ClInclude>
    <ClInclude Include="inc\Engine\Platform\Defines.h">
      <Filter>inc\Engine\Platform</Filter>
    </ClInclude>
    <ClInclude Include="inc\Engine\Platform\Platform.h">
      <Filter>inc\Engine\Platform</Filter>
    </ClInclude>
    <ClInclude Include="inc\Engine\Platform\Types.h">
      <Filter>inc\Engine\Platform</Filter>
    </ClInclude>
    <ClInclude Include="inc\Engine\Platform\Win32\Win32CriticalSection.h">
      <Filter>inc\Engine\Platform\Win32</Filter>
    </ClInclude>
    <ClInclude Include="inc\Engine\Platform\Win32\Win32Defines.h">
      <Filter>inc\Engine\Platform\Win32</Filter>
    </ClInclude>
    <ClInclude Include="inc\Engine\Platform\Win32\Win32Platform.h">
      <Filter>inc\Engine\Platform\Win32</Filter>
    </ClInclude>
    <ClInclude Include="inc\Engine\Platform\Win32\WindowsMinimal.h">
      <Filter>inc\Engine\Platform\Win32</Filter>
    </ClInclude>
    <ClInclude Include="inc\Engine\Platform\Windows\PlatformWindows.h">
      <Filter>inc\Engine\Platform\Windows</Filter>
    </ClInclude>
    <ClInclude Include="inc\Engine\Platform\Windows\WindowsDefines.h">
      <Filter>inc\Engine\Platform\Windows</Filter>
    </ClInclude>
    <ClInclude Include="inc\Engine\RTTI\RTTI.h">
      <Filter>inc\Engine\RTTI</Filter>
    </ClInclude>
    <ClInclude Include="inc\Engine\RTTI\RTTITypes.h">
      <Filter>inc\Engine\RTTI</Filter>
    </ClInclude>
    <ClInclude Include="inc\Engine\Scene\Scene.h">
      <Filter>inc\Engine\Scene</Filter>
    </ClInclude>
    <ClInclude Include="inc\Engine\Serialization\File\SerializableElementTypes.h">
      <Filter>inc\Engine\Serialization\File</Filter>
    </ClInclude>
    <ClInclude Include="inc\Engine\Serialization\File\SerializableFile.h">
      <Filter>inc\Engine\Serialization\File</Filter>
    </ClInclude>
    <ClInclude Include="inc\Engine\Serialization\File\SerializableFormat_JSON.h">
      <Filter>inc\Engine\Serialization\File</Filter>
    </ClInclude>
    <ClInclude Include="inc\Engine\Serialization\File\SerializableFormat_XML.h">
      <Filter>inc\Engine\Serialization\File</Filter>
    </ClInclude>
    <ClInclude Include="inc\Engine\Serialization\Serializable.h">
      <Filter>inc\Engine\Serialization</Filter>
    </ClInclude>
    <ClInclude Include="inc\Engine\Serialization\SerializeHelper.h">
      <Filter>inc\Engine\Serialization</Filter>
    </ClInclude>
    <ClInclude Include="inc\Engine\ShaderParser\ShaderParser.h">
      <Filter>inc\Engine\ShaderParser</Filter>
    </ClInclude>
    <ClInclude Include="inc\Engine\Templates\TPointers.h">
      <Filter>inc\Engine\Templates</Filter>
    </ClInclude>
    <ClInclude Include="inc\Engine\Templates\TSingleton.h">
      <Filter>inc\Engine\Templates</Filter>
    </ClInclude>
    <ClInclude Include="inc\Engine\Threading\TThreadSafe.h">
      <Filter>inc\Engine\Threading</Filter>
    </ClInclude>
    <ClInclude Include="inc\Engine\Threading\ThreadCollection.h">
      <Filter>inc\Engine\Threading</Filter>
    </ClInclude>
    <ClInclude Include="inc\Engine\Threading\ThreadPool.hpp">
      <Filter>inc\Engine\Threading</Filter>
    </ClInclude>
    <ClInclude Include="inc\Engine\Threading\Threading.h">
      <Filter>inc\Engine\Threading</Filter>
    </ClInclude>
    <ClInclude Include="inc\Engine\Time\Stopwatch.h">
      <Filter>inc\Engine\Time</Filter>
    </ClInclude>
    <ClInclude Include="inc\Engine\Time\Time.h">
      <Filter>inc\Engine\Time</Filter>
    </ClInclude>
    <ClInclude Include="inc\Engine\Utils\Crc.h">
      <Filter>inc\Engine\Utils</Filter>
    </ClInclude>
    <ClInclude Include="inc\Insight.h">
      <Filter>inc</Filter>
    </ClInclude>
    <ClInclude Include="inc\Platform\Vulkan\Swapchain.h">
      <Filter>inc\Platform\Vulkan</Filter>
    </ClInclude>
    <ClInclude Include="inc\Platform\Vulkan\VulkanBuffer.h">
      <Filter>inc\Platform\Vulkan</Filter>
    </ClInclude>
    <ClInclude Include="inc\Platform\Vulkan\VulkanDebug.h">
      <Filter>inc\Platform\Vulkan</Filter>
    </ClInclude>
    <ClInclude Include="inc\Platform\Vulkan\VulkanDevice.h">
      <Filter>inc\Platform\Vulkan</Filter>
    </ClInclude>
    <ClInclude Include="inc\Platform\Vulkan\VulkanFrameBuffer.h">
      <Filter>inc\Platform\Vulkan</Filter>
    </ClInclude>
    <ClInclude Include="inc\Platform\Vulkan\VulkanHeader.h">
      <Filter>inc\Platform\Vulkan</Filter>
    </ClInclude>
    <ClInclude Include="inc\Platform\Vulkan\VulkanImGUIRenderer.h">
      <Filter>inc\Platform\Vulkan</Filter>
    </ClInclude>
    <ClInclude Include="inc\Platform\Vulkan\VulkanInitializers.h">
      <Filter>inc\Platform\Vulkan</Filter>
    </ClInclude>
    <ClInclude Include="inc\Platform\Vulkan\VulkanMaterial.h">
      <Filter>inc\Platform\Vulkan</Filter>
    </ClInclude>
    <ClInclude Include="inc\Platform\Vulkan\VulkanPipeline.h">
      <Filter>inc\Platform\Vulkan</Filter>
    </ClInclude>
    <ClInclude Include="inc\Platform\Vulkan\VulkanRenderer.h">
      <Filter>inc\Platform\Vulkan</Filter>
    </ClInclude>
    <ClInclude Include="inc\Platform\Vulkan\VulkanTexture.h">
      <Filter>inc\Platform\Vulkan</Filter>
    </ClInclude>
    <ClInclude Include="inc\ispch.h">
      <Filter>inc</Filter>
    </ClInclude>
    <ClInclude Include="vendor\IconFontCppHeaders\IconsFontAwesome4.h">
      <Filter>vendor\IconFontCppHeaders</Filter>
    </ClInclude>
    <ClInclude Include="vendor\IconFontCppHeaders\IconsFontAwesome5.h">
      <Filter>vendor\IconFontCppHeaders</Filter>
    </ClInclude>
    <ClInclude Include="vendor\IconFontCppHeaders\IconsFontAwesome5Brands.h">
      <Filter>vendor\IconFontCppHeaders</Filter>
    </ClInclude>
    <ClInclude Include="vendor\IconFontCppHeaders\IconsFontAwesome5Pro.h">
      <Filter>vendor\IconFontCppHeaders</Filter>
    </ClInclude>
    <ClInclude Include="vendor\IconFontCppHeaders\IconsFontAwesome5ProBrands.h">
      <Filter>vendor\IconFontCppHeaders</Filter>
    </ClInclude>
    <ClInclude Include="vendor\IconFontCppHeaders\IconsFontaudio.h">
      <Filter>vendor\IconFontCppHeaders</Filter>
    </ClInclude>
    <ClInclude Include="vendor\IconFontCppHeaders\IconsForkAwesome.h">
      <Filter>vendor\IconFontCppHeaders</Filter>
    </ClInclude>
    <ClInclude Include="vendor\IconFontCppHeaders\IconsKenney.h">
      <Filter>vendor\IconFontCppHeaders</Filter>
    </ClInclude>
    <ClInclude Include="vendor\IconFontCppHeaders\IconsMaterialDesign.h">
      <Filter>vendor\IconFontCppHeaders</Filter>
    </ClInclude>
    <ClInclude Include="vendor\TinyXML2\tinyxml2.h">
      <Filter>vendor\TinyXML2</Filter>
    </ClInclude>
    <ClInclude Include="vendor\glm\glm\common.hpp">
      <Filter>vendor\glm\glm</Filter>
    </ClInclude>
    <ClInclude Include="vendor\glm\glm\detail\_features.hpp">
      <Filter>vendor\glm\glm\detail</Filter>
    </ClInclude>
    <ClInclude Include="vendor\glm\glm\detail\_fixes.hpp">
      <Filter>vendor\glm\glm\detail</Filter>
    </ClInclude>
    <ClInclude Include="vendor\glm\glm\detail\_noise.hpp">
      <Filter>vendor\glm\glm\detail</Filter>
    </ClInclude>
    <ClInclude Include="vendor\glm\glm\detail\_swizzle.hpp">
      <Filter>vendor\glm\glm\detail</Filter>
    </ClInclude>
    <ClInclude Include="vendor\glm\glm\detail\_swizzle_func.hpp">
      <Filter>vendor\glm\glm\detail</Filter>
    </ClInclude>
    <ClInclude Include="vendor\glm\glm\detail\_vectorize.hpp">
      <Filter>vendor\glm\glm\detail</Filter>
    </ClInclude>
    <ClInclude Include="vendor\glm\glm\detail\compute_common.hpp">
      <Filter>vendor\glm\glm\detail</Filter>
    </ClInclude>
    <ClInclude Include="vendor\glm\glm\detail\compute_vector_relational.hpp">
      <Filter>vendor\glm\glm\detail</Filter>
    </ClInclude>
    <ClInclude Include="vendor\glm\glm\detail\func_common.inl">
      <Filter>vendor\glm\glm\detail</Filter>
    </ClInclude>
    <ClInclude Include="vendor\glm\glm\detail\func_common_simd.inl">
      <Filter>vendor\glm\glm\detail</Filter>
    </ClInclude>
    <ClInclude Include="vendor\glm\glm\detail\func_exponential.inl">
      <Filter>vendor\glm\glm\detail</Filter>
    </ClInclude>
    <ClInclude Include="vendor\glm\glm\detail\func_exponential_simd.inl">
      <Filter>vendor\glm\glm\detail</Filter>
    </ClInclude>
    <ClInclude Include="vendor\glm\glm\detail\func_geometric.inl">
      <Filter>vendor\glm\glm\detail</Filter>
    </ClInclude>
    <ClInclude Include="vendor\glm\glm\detail\func_geometric_simd.inl">
      <Filter>vendor\glm\glm\detail</Filter>
    </ClInclude>
    <ClInclude Include="vendor\glm\glm\detail\func_integer.inl">
      <Filter>vendor\glm\glm\detail</Filter>
    </ClInclude>
    <ClInclude Include="vendor\glm\glm\detail\func_integer_simd.inl">
      <Filter>vendor\glm\glm\detail</Filter>
    </ClInclude>
    <ClInclude Include="vendor\glm\glm\detail\func_matrix.inl">
      <Filter>vendor\glm\glm\detail</Filter>
    </ClInclude>
    <ClInclude Include="vendor\glm\glm\detail\func_matrix_simd.inl">
      <Filter>vendor\glm\glm\detail</Filter>
    </ClInclude>
    <ClInclude Include="vendor\glm\glm\detail\func_packing.inl">
      <Filter>vendor\glm\glm\detail</Filter>
    </ClInclude>
    <ClInclude Include="vendor\glm\glm\detail\func_packing_simd.inl">
      <Filter>vendor\glm\glm\detail</Filter>
    </ClInclude>
    <ClInclude Include="vendor\glm\glm\detail\func_trigonometric.inl">
      <Filter>vendor\glm\glm\detail</Filter>
    </ClInclude>
    <ClInclude Include="vendor\glm\glm\detail\func_trigonometric_simd.inl">
      <Filter>vendor\glm\glm\detail</Filter>
    </ClInclude>
    <ClInclude Include="vendor\glm\glm\detail\func_vector_relational.inl">
      <Filter>vendor\glm\glm\detail</Filter>
    </ClInclude>
    <ClInclude Include="vendor\glm\glm\detail\func_vector_relational_simd.inl">
      <Filter>vendor\glm\glm\detail</Filter>
    </ClInclude>
    <ClInclude Include="vendor\glm\glm\detail\qualifier.hpp">
      <Filter>vendor\glm\glm\detail</Filter>
    </ClInclude>
    <ClInclude Include="vendor\glm\glm\detail\setup.hpp">
      <Filter>vendor\glm\glm\detail</Filter>
    </ClInclude>
    <ClInclude Include="vendor\glm\glm\detail\type_float.hpp">
      <Filter>vendor\glm\glm\detail</Filter>
    </ClInclude>
    <ClInclude Include="vendor\glm\glm\detail\type_half.hpp">
      <Filter>vendor\glm\glm\detail</Filter>
    </ClInclude>
    <ClInclude Include="vendor\glm\glm\detail\type_half.inl">
      <Filter>vendor\glm\glm\detail</Filter>
    </ClInclude>
    <ClInclude Include="vendor\glm\glm\detail\type_mat2x2.hpp">
      <Filter>vendor\glm\glm\detail</Filter>
    </ClInclude>
    <ClInclude Include="vendor\glm\glm\detail\type_mat2x2.inl">
      <Filter>vendor\glm\glm\detail</Filter>
    </ClInclude>
    <ClInclude Include="vendor\glm\glm\detail\type_mat2x3.hpp">
      <Filter>vendor\glm\glm\detail</Filter>
    </ClInclude>
    <ClInclude Include="vendor\glm\glm\detail\type_mat2x3.inl">
      <Filter>vendor\glm\glm\detail</Filter>
    </ClInclude>
    <ClInclude Include="vendor\glm\glm\detail\type_mat2x4.hpp">
      <Filter>vendor\glm\glm\detail</Filter>
    </ClInclude>
    <ClInclude Include="vendor\glm\glm\detail\type_mat2x4.inl">
      <Filter>vendor\glm\glm\detail</Filter>
    </ClInclude>
    <ClInclude Include="vendor\glm\glm\detail\type_mat3x2.hpp">
      <Filter>vendor\glm\glm\detail</Filter>
    </ClInclude>
    <ClInclude Include="vendor\glm\glm\detail\type_mat3x2.inl">
      <Filter>vendor\glm\glm\detail</Filter>
    </ClInclude>
    <ClInclude Include="vendor\glm\glm\detail\type_mat3x3.hpp">
      <Filter>vendor\glm\glm\detail</Filter>
    </ClInclude>
    <ClInclude Include="vendor\glm\glm\detail\type_mat3x3.inl">
      <Filter>vendor\glm\glm\detail</Filter>
    </ClInclude>
    <ClInclude Include="vendor\glm\glm\detail\type_mat3x4.hpp">
      <Filter>vendor\glm\glm\detail</Filter>
    </ClInclude>
    <ClInclude Include="vendor\glm\glm\detail\type_mat3x4.inl">
      <Filter>vendor\glm\glm\detail</Filter>
    </ClInclude>
    <ClInclude Include="vendor\glm\glm\detail\type_mat4x2.hpp">
      <Filter>vendor\glm\glm\detail</Filter>
    </ClInclude>
    <ClInclude Include="vendor\glm\glm\detail\type_mat4x2.inl">
      <Filter>vendor\glm\glm\detail</Filter>
    </ClInclude>
    <ClInclude Include="vendor\glm\glm\detail\type_mat4x3.hpp">
      <Filter>vendor\glm\glm\detail</Filter>
    </ClInclude>
    <ClInclude Include="vendor\glm\glm\detail\type_mat4x3.inl">
      <Filter>vendor\glm\glm\detail</Filter>
    </ClInclude>
    <ClInclude Include="vendor\glm\glm\detail\type_mat4x4.hpp">
      <Filter>vendor\glm\glm\detail</Filter>
    </ClInclude>
    <ClInclude Include="vendor\glm\glm\detail\type_mat4x4.inl">
      <Filter>vendor\glm\glm\detail</Filter>
    </ClInclude>
    <ClInclude Include="vendor\glm\glm\detail\type_mat4x4_simd.inl">
      <Filter>vendor\glm\glm\detail</Filter>
    </ClInclude>
    <ClInclude Include="vendor\glm\glm\detail\type_quat.hpp">
      <Filter>vendor\glm\glm\detail</Filter>
    </ClInclude>
    <ClInclude Include="vendor\glm\glm\detail\type_quat.inl">
      <Filter>vendor\glm\glm\detail</Filter>
    </ClInclude>
    <ClInclude Include="vendor\glm\glm\detail\type_quat_simd.inl">
      <Filter>vendor\glm\glm\detail</Filter>
    </ClInclude>
    <ClInclude Include="vendor\glm\glm\detail\type_vec1.hpp">
      <Filter>vendor\glm\glm\detail</Filter>
    </ClInclude>
    <ClInclude Include="vendor\glm\glm\detail\type_vec1.inl">
      <Filter>vendor\glm\glm\detail</Filter>
    </ClInclude>
    <ClInclude Include="vendor\glm\glm\detail\type_vec2.hpp">
      <Filter>vendor\glm\glm\detail</Filter>
    </ClInclude>
    <ClInclude Include="vendor\glm\glm\detail\type_vec2.inl">
      <Filter>vendor\glm\glm\detail</Filter>
    </ClInclude>
    <ClInclude Include="vendor\glm\glm\detail\type_vec3.hpp">
      <Filter>vendor\glm\glm\detail</Filter>
    </ClInclude>
    <ClInclude Include="vendor\glm\glm\detail\type_vec3.inl">
      <Filter>vendor\glm\glm\detail</Filter>
    </ClInclude>
    <ClInclude Include="vendor\glm\glm\detail\type_vec4.hpp">
      <Filter>vendor\glm\glm\detail</Filter>
    </ClInclude>
    <ClInclude Include="vendor\glm\glm\detail\type_vec4.inl">
      <Filter>vendor\glm\glm\detail</Filter>
    </ClInclude>
    <ClInclude Include="vendor\glm\glm\detail\type_vec4_simd.inl">
      <Filter>vendor\glm\glm\detail</Filter>
    </ClInclude>
    <ClInclude Include="vendor\glm\glm\exponential.hpp">
      <Filter>vendor\glm\glm</Filter>
    </ClInclude>
    <ClInclude Include="vendor\glm\glm\ext.hpp">
      <Filter>vendor\glm\glm</Filter>
    </ClInclude>
    <ClInclude Include="vendor\glm\glm\ext\matrix_clip_space.hpp">
      <Filter>vendor\glm\glm\ext</Filter>
    </ClInclude>
    <ClInclude Include="vendor\glm\glm\ext\matrix_clip_space.inl">
      <Filter>vendor\glm\glm\ext</Filter>
    </ClInclude>
    <ClInclude Include="vendor\glm\glm\ext\matrix_common.hpp">
      <Filter>vendor\glm\glm\ext</Filter>
    </ClInclude>
    <ClInclude Include="vendor\glm\glm\ext\matrix_common.inl">
      <Filter>vendor\glm\glm\ext</Filter>
    </ClInclude>
    <ClInclude Include="vendor\glm\glm\ext\matrix_double2x2.hpp">
      <Filter>vendor\glm\glm\ext</Filter>
    </ClInclude>
    <ClInclude Include="vendor\glm\glm\ext\matrix_double2x2_precision.hpp">
      <Filter>vendor\glm\glm\ext</Filter>
    </ClInclude>
    <ClInclude Include="vendor\glm\glm\ext\matrix_double2x3.hpp">
      <Filter>vendor\glm\glm\ext</Filter>
    </ClInclude>
    <ClInclude Include="vendor\glm\glm\ext\matrix_double2x3_precision.hpp">
      <Filter>vendor\glm\glm\ext</Filter>
    </ClInclude>
    <ClInclude Include="vendor\glm\glm\ext\matrix_double2x4.hpp">
      <Filter>vendor\glm\glm\ext</Filter>
    </ClInclude>
    <ClInclude Include="vendor\glm\glm\ext\matrix_double2x4_precision.hpp">
      <Filter>vendor\glm\glm\ext</Filter>
    </ClInclude>
    <ClInclude Include="vendor\glm\glm\ext\matrix_double3x2.hpp">
      <Filter>vendor\glm\glm\ext</Filter>
    </ClInclude>
    <ClInclude Include="vendor\glm\glm\ext\matrix_double3x2_precision.hpp">
      <Filter>vendor\glm\glm\ext</Filter>
    </ClInclude>
    <ClInclude Include="vendor\glm\glm\ext\matrix_double3x3.hpp">
      <Filter>vendor\glm\glm\ext</Filter>
    </ClInclude>
    <ClInclude Include="vendor\glm\glm\ext\matrix_double3x3_precision.hpp">
      <Filter>vendor\glm\glm\ext</Filter>
    </ClInclude>
    <ClInclude Include="vendor\glm\glm\ext\matrix_double3x4.hpp">
      <Filter>vendor\glm\glm\ext</Filter>
    </ClInclude>
    <ClInclude Include="vendor\glm\glm\ext\matrix_double3x4_precision.hpp">
      <Filter>vendor\glm\glm\ext</Filter>
    </ClInclude>
    <ClInclude Include="vendor\glm\glm\ext\matrix_double4x2.hpp">
      <Filter>vendor\glm\glm\ext</Filter>
    </ClInclude>
    <ClInclude Include="vendor\glm\glm\ext\matrix_double4x2_precision.hpp">
      <Filter>vendor\glm\glm\ext</Filter>
    </ClInclude>
    <ClInclude Include="vendor\glm\glm\ext\matrix_double4x3.hpp">
      <Filter>vendor\glm\glm\ext</Filter>
    </ClInclude>
    <ClInclude Include="vendor\glm\glm\ext\matrix_double4x3_precision.hpp">
      <Filter>vendor\glm\glm\ext</Filter>
    </ClInclude>
    <ClInclude Include="vendor\glm\glm\ext\matrix_double4x4.hpp">
      <Filter>vendor\glm\glm\ext</Filter>
    </ClInclude>
    <ClInclude Include="vendor\glm\glm\ext\matrix_double4x4_precision.hpp">
      <Filter>vendor\glm\glm\ext</Filter>
    </ClInclude>
    <ClInclude Include="vendor\glm\glm\ext\matrix_float2x2.hpp">
      <Filter>vendor\glm\glm\ext</Filter>
    </ClInclude>
    <ClInclude Include="vendor\glm\glm\ext\matrix_float2x2_precision.hpp">
      <Filter>vendor\glm\glm\ext</Filter>
    </ClInclude>
    <ClInclude Include="vendor\glm\glm\ext\matrix_float2x3.hpp">
      <Filter>vendor\glm\glm\ext</Filter>
    </ClInclude>
    <ClInclude Include="vendor\glm\glm\ext\matrix_float2x3_precision.hpp">
      <Filter>vendor\glm\glm\ext</Filter>
    </ClInclude>
    <ClInclude Include="vendor\glm\glm\ext\matrix_float2x4.hpp">
      <Filter>vendor\glm\glm\ext</Filter>
    </ClInclude>
    <ClInclude Include="vendor\glm\glm\ext\matrix_float2x4_precision.hpp">
      <Filter>vendor\glm\glm\ext</Filter>
    </ClInclude>
    <ClInclude Include="vendor\glm\glm\ext\matrix_float3x2.hpp">
      <Filter>vendor\glm\glm\ext</Filter>
    </ClInclude>
    <ClInclude Include="vendor\glm\glm\ext\matrix_float3x2_precision.hpp">
      <Filter>vendor\glm\glm\ext</Filter>
    </ClInclude>
    <ClInclude Include="vendor\glm\glm\ext\matrix_float3x3.hpp">
      <Filter>vendor\glm\glm\ext</Filter>
    </ClInclude>
    <ClInclude Include="vendor\glm\glm\ext\matrix_float3x3_precision.hpp">
      <Filter>vendor\glm\glm\ext</Filter>
    </ClInclude>
    <ClInclude Include="vendor\glm\glm\ext\matrix_float3x4.hpp">
      <Filter>vendor\glm\glm\ext</Filter>
    </ClInclude>
    <ClInclude Include="vendor\glm\glm\ext\matrix_float3x4_precision.hpp">
      <Filter>vendor\glm\glm\ext</Filter>
    </ClInclude>
    <ClInclude Include="vendor\glm\glm\ext\matrix_float4x2.hpp">
      <Filter>vendor\glm\glm\ext</Filter>
    </ClInclude>
    <ClInclude Include="vendor\glm\glm\ext\matrix_float4x2_precision.hpp">
      <Filter>vendor\glm\glm\ext</Filter>
    </ClInclude>
    <ClInclude Include="vendor\glm\glm\ext\matrix_float4x3.hpp">
      <Filter>vendor\glm\glm\ext</Filter>
    </ClInclude>
    <ClInclude Include="vendor\glm\glm\ext\matrix_float4x3_precision.hpp">
      <Filter>vendor\glm\glm\ext</Filter>
    </ClInclude>
    <ClInclude Include="vendor\glm\glm\ext\matrix_float4x4.hpp">
      <Filter>vendor\glm\glm\ext</Filter>
    </ClInclude>
    <ClInclude Include="vendor\glm\glm\ext\matrix_float4x4_precision.hpp">
      <Filter>vendor\glm\glm\ext</Filter>
    </ClInclude>
    <ClInclude Include="vendor\glm\glm\ext\matrix_int2x2.hpp">
      <Filter>vendor\glm\glm\ext</Filter>
    </ClInclude>
    <ClInclude Include="vendor\glm\glm\ext\matrix_int2x2_sized.hpp">
      <Filter>vendor\glm\glm\ext</Filter>
    </ClInclude>
    <ClInclude Include="vendor\glm\glm\ext\matrix_int2x3.hpp">
      <Filter>vendor\glm\glm\ext</Filter>
    </ClInclude>
    <ClInclude Include="vendor\glm\glm\ext\matrix_int2x3_sized.hpp">
      <Filter>vendor\glm\glm\ext</Filter>
    </ClInclude>
    <ClInclude Include="vendor\glm\glm\ext\matrix_int2x4.hpp">
      <Filter>vendor\glm\glm\ext</Filter>
    </ClInclude>
    <ClInclude Include="vendor\glm\glm\ext\matrix_int2x4_sized.hpp">
      <Filter>vendor\glm\glm\ext</Filter>
    </ClInclude>
    <ClInclude Include="vendor\glm\glm\ext\matrix_int3x2.hpp">
      <Filter>vendor\glm\glm\ext</Filter>
    </ClInclude>
    <ClInclude Include="vendor\glm\glm\ext\matrix_int3x2_sized.hpp">
      <Filter>vendor\glm\glm\ext</Filter>
    </ClInclude>
    <ClInclude Include="vendor\glm\glm\ext\matrix_int3x3.hpp">
      <Filter>vendor\glm\glm\ext</Filter>
    </ClInclude>
    <ClInclude Include="vendor\glm\glm\ext\matrix_int3x3_sized.hpp">
      <Filter>vendor\glm\glm\ext</Filter>
    </ClInclude>
    <ClInclude Include="vendor\glm\glm\ext\matrix_int3x4.hpp">
      <Filter>vendor\glm\glm\ext</Filter>
    </ClInclude>
    <ClInclude Include="vendor\glm\glm\ext\matrix_int3x4_sized.hpp">
      <Filter>vendor\glm\glm\ext</Filter>
    </ClInclude>
    <ClInclude Include="vendor\glm\glm\ext\matrix_int4x2.hpp">
      <Filter>vendor\glm\glm\ext</Filter>
    </ClInclude>
    <ClInclude Include="vendor\glm\glm\ext\matrix_int4x2_sized.hpp">
      <Filter>vendor\glm\glm\ext</Filter>
    </ClInclude>
    <ClInclude Include="vendor\glm\glm\ext\matrix_int4x3.hpp">
      <Filter>vendor\glm\glm\ext</Filter>
    </ClInclude>
    <ClInclude Include="vendor\glm\glm\ext\matrix_int4x3_sized.hpp">
      <Filter>vendor\glm\glm\ext</Filter>
    </ClInclude>
    <ClInclude Include="vendor\glm\glm\ext\matrix_int4x4.hpp">
      <Filter>vendor\glm\glm\ext</Filter>
    </ClInclude>
    <ClInclude Include="vendor\glm\glm\ext\matrix_int4x4_sized.hpp">
      <Filter>vendor\glm\glm\ext</Filter>
    </ClInclude>
    <ClInclude Include="vendor\glm\glm\ext\matrix_projection.hpp">
      <Filter>vendor\glm\glm\ext</Filter>
    </ClInclude>
    <ClInclude Include="vendor\glm\glm\ext\matrix_projection.inl">
      <Filter>vendor\glm\glm\ext</Filter>
    </ClInclude>
    <ClInclude Include="vendor\glm\glm\ext\matrix_relational.hpp">
      <Filter>vendor\glm\glm\ext</Filter>
    </ClInclude>
    <ClInclude Include="vendor\glm\glm\ext\matrix_relational.inl">
      <Filter>vendor\glm\glm\ext</Filter>
    </ClInclude>
    <ClInclude Include="vendor\glm\glm\ext\matrix_transform.hpp">
      <Filter>vendor\glm\glm\ext</Filter>
    </ClInclude>
    <ClInclude Include="vendor\glm\glm\ext\matrix_transform.inl">
      <Filter>vendor\glm\glm\ext</Filter>
    </ClInclude>
    <ClInclude Include="vendor\glm\glm\ext\matrix_uint2x2.hpp">
      <Filter>vendor\glm\glm\ext</Filter>
    </ClInclude>
    <ClInclude Include="vendor\glm\glm\ext\matrix_uint2x2_sized.hpp">
      <Filter>vendor\glm\glm\ext</Filter>
    </ClInclude>
    <ClInclude Include="vendor\glm\glm\ext\matrix_uint2x3.hpp">
      <Filter>vendor\glm\glm\ext</Filter>
    </ClInclude>
    <ClInclude Include="vendor\glm\glm\ext\matrix_uint2x3_sized.hpp">
      <Filter>vendor\glm\glm\ext</Filter>
    </ClInclude>
    <ClInclude Include="vendor\glm\glm\ext\matrix_uint2x4.hpp">
      <Filter>vendor\glm\glm\ext</Filter>
    </ClInclude>
    <ClInclude Include="vendor\glm\glm\ext\matrix_uint2x4_sized.hpp">
      <Filter>vendor\glm\glm\ext</Filter>
    </ClInclude>
    <ClInclude Include="vendor\glm\glm\ext\matrix_uint3x2.hpp">
      <Filter>vendor\glm\glm\ext</Filter>
    </ClInclude>
    <ClInclude Include="vendor\glm\glm\ext\matrix_uint3x2_sized.hpp">
      <Filter>vendor\glm\glm\ext</Filter>
    </ClInclude>
    <ClInclude Include="vendor\glm\glm\ext\matrix_uint3x3.hpp">
      <Filter>vendor\glm\glm\ext</Filter>
    </ClInclude>
    <ClInclude Include="vendor\glm\glm\ext\matrix_uint3x3_sized.hpp">
      <Filter>vendor\glm\glm\ext</Filter>
    </ClInclude>
    <ClInclude Include="vendor\glm\glm\ext\matrix_uint3x4.hpp">
      <Filter>vendor\glm\glm\ext</Filter>
    </ClInclude>
    <ClInclude Include="vendor\glm\glm\ext\matrix_uint3x4_sized.hpp">
      <Filter>vendor\glm\glm\ext</Filter>
    </ClInclude>
    <ClInclude Include="vendor\glm\glm\ext\matrix_uint4x2.hpp">
      <Filter>vendor\glm\glm\ext</Filter>
    </ClInclude>
    <ClInclude Include="vendor\glm\glm\ext\matrix_uint4x2_sized.hpp">
      <Filter>vendor\glm\glm\ext</Filter>
    </ClInclude>
    <ClInclude Include="vendor\glm\glm\ext\matrix_uint4x3.hpp">
      <Filter>vendor\glm\glm\ext</Filter>
    </ClInclude>
    <ClInclude Include="vendor\glm\glm\ext\matrix_uint4x3_sized.hpp">
      <Filter>vendor\glm\glm\ext</Filter>
    </ClInclude>
    <ClInclude Include="vendor\glm\glm\ext\matrix_uint4x4.hpp">
      <Filter>vendor\glm\glm\ext</Filter>
    </ClInclude>
    <ClInclude Include="vendor\glm\glm\ext\matrix_uint4x4_sized.hpp">
      <Filter>vendor\glm\glm\ext</Filter>
    </ClInclude>
    <ClInclude Include="vendor\glm\glm\ext\quaternion_common.hpp">
      <Filter>vendor\glm\glm\ext</Filter>
    </ClInclude>
    <ClInclude Include="vendor\glm\glm\ext\quaternion_common.inl">
      <Filter>vendor\glm\glm\ext</Filter>
    </ClInclude>
    <ClInclude Include="vendor\glm\glm\ext\quaternion_common_simd.inl">
      <Filter>vendor\glm\glm\ext</Filter>
    </ClInclude>
    <ClInclude Include="vendor\glm\glm\ext\quaternion_double.hpp">
      <Filter>vendor\glm\glm\ext</Filter>
    </ClInclude>
    <ClInclude Include="vendor\glm\glm\ext\quaternion_double_precision.hpp">
      <Filter>vendor\glm\glm\ext</Filter>
    </ClInclude>
    <ClInclude Include="vendor\glm\glm\ext\quaternion_exponential.hpp">
      <Filter>vendor\glm\glm\ext</Filter>
    </ClInclude>
    <ClInclude Include="vendor\glm\glm\ext\quaternion_exponential.inl">
      <Filter>vendor\glm\glm\ext</Filter>
    </ClInclude>
    <ClInclude Include="vendor\glm\glm\ext\quaternion_float.hpp">
      <Filter>vendor\glm\glm\ext</Filter>
    </ClInclude>
    <ClInclude Include="vendor\glm\glm\ext\quaternion_float_precision.hpp">
      <Filter>vendor\glm\glm\ext</Filter>
    </ClInclude>
    <ClInclude Include="vendor\glm\glm\ext\quaternion_geometric.hpp">
      <Filter>vendor\glm\glm\ext</Filter>
    </ClInclude>
    <ClInclude Include="vendor\glm\glm\ext\quaternion_geometric.inl">
      <Filter>vendor\glm\glm\ext</Filter>
    </ClInclude>
    <ClInclude Include="vendor\glm\glm\ext\quaternion_relational.hpp">
      <Filter>vendor\glm\glm\ext</Filter>
    </ClInclude>
    <ClInclude Include="vendor\glm\glm\ext\quaternion_relational.inl">
      <Filter>vendor\glm\glm\ext</Filter>
    </ClInclude>
    <ClInclude Include="vendor\glm\glm\ext\quaternion_transform.hpp">
      <Filter>vendor\glm\glm\ext</Filter>
    </ClInclude>
    <ClInclude Include="vendor\glm\glm\ext\quaternion_transform.inl">
      <Filter>vendor\glm\glm\ext</Filter>
    </ClInclude>
    <ClInclude Include="vendor\glm\glm\ext\quaternion_trigonometric.hpp">
      <Filter>vendor\glm\glm\ext</Filter>
    </ClInclude>
    <ClInclude Include="vendor\glm\glm\ext\quaternion_trigonometric.inl">
      <Filter>vendor\glm\glm\ext</Filter>
    </ClInclude>
    <ClInclude Include="vendor\glm\glm\ext\scalar_common.hpp">
      <Filter>vendor\glm\glm\ext</Filter>
    </ClInclude>
    <ClInclude Include="vendor\glm\glm\ext\scalar_common.inl">
      <Filter>vendor\glm\glm\ext</Filter>
    </ClInclude>
    <ClInclude Include="vendor\glm\glm\ext\scalar_constants.hpp">
      <Filter>vendor\glm\glm\ext</Filter>
    </ClInclude>
    <ClInclude Include="vendor\glm\glm\ext\scalar_constants.inl">
      <Filter>vendor\glm\glm\ext</Filter>
    </ClInclude>
    <ClInclude Include="vendor\glm\glm\ext\scalar_int_sized.hpp">
      <Filter>vendor\glm\glm\ext</Filter>
    </ClInclude>
    <ClInclude Include="vendor\glm\glm\ext\scalar_integer.hpp">
      <Filter>vendor\glm\glm\ext</Filter>
    </ClInclude>
    <ClInclude Include="vendor\glm\glm\ext\scalar_integer.inl">
      <Filter>vendor\glm\glm\ext</Filter>
    </ClInclude>
    <ClInclude Include="vendor\glm\glm\ext\scalar_packing.hpp">
      <Filter>vendor\glm\glm\ext</Filter>
    </ClInclude>
    <ClInclude Include="vendor\glm\glm\ext\scalar_packing.inl">
      <Filter>vendor\glm\glm\ext</Filter>
    </ClInclude>
    <ClInclude Include="vendor\glm\glm\ext\scalar_relational.hpp">
      <Filter>vendor\glm\glm\ext</Filter>
    </ClInclude>
    <ClInclude Include="vendor\glm\glm\ext\scalar_relational.inl">
      <Filter>vendor\glm\glm\ext</Filter>
    </ClInclude>
    <ClInclude Include="vendor\glm\glm\ext\scalar_uint_sized.hpp">
      <Filter>vendor\glm\glm\ext</Filter>
    </ClInclude>
    <ClInclude Include="vendor\glm\glm\ext\scalar_ulp.hpp">
      <Filter>vendor\glm\glm\ext</Filter>
    </ClInclude>
    <ClInclude Include="vendor\glm\glm\ext\scalar_ulp.inl">
      <Filter>vendor\glm\glm\ext</Filter>
    </ClInclude>
    <ClInclude Include="vendor\glm\glm\ext\vector_bool1.hpp">
      <Filter>vendor\glm\glm\ext</Filter>
    </ClInclude>
    <ClInclude Include="vendor\glm\glm\ext\vector_bool1_precision.hpp">
      <Filter>vendor\glm\glm\ext</Filter>
    </ClInclude>
    <ClInclude Include="vendor\glm\glm\ext\vector_bool2.hpp">
      <Filter>vendor\glm\glm\ext</Filter>
    </ClInclude>
    <ClInclude Include="vendor\glm\glm\ext\vector_bool2_precision.hpp">
      <Filter>vendor\glm\glm\ext</Filter>
    </ClInclude>
    <ClInclude Include="vendor\glm\glm\ext\vector_bool3.hpp">
      <Filter>vendor\glm\glm\ext</Filter>
    </ClInclude>
    <ClInclude Include="vendor\glm\glm\ext\vector_bool3_precision.hpp">
      <Filter>vendor\glm\glm\ext</Filter>
    </ClInclude>
    <ClInclude Include="vendor\glm\glm\ext\vector_bool4.hpp">
      <Filter>vendor\glm\glm\ext</Filter>
    </ClInclude>
    <ClInclude Include="vendor\glm\glm\ext\vector_bool4_precision.hpp">
      <Filter>vendor\glm\glm\ext</Filter>
    </ClInclude>
    <ClInclude Include="vendor\glm\glm\ext\vector_common.hpp">
      <Filter>vendor\glm\glm\ext</Filter>
    </ClInclude>
    <ClInclude Include="vendor\glm\glm\ext\vector_common.inl">
      <Filter>vendor\glm\glm\ext</Filter>
    </ClInclude>
    <ClInclude Include="vendor\glm\glm\ext\vector_double1.hpp">
      <Filter>vendor\glm\glm\ext</Filter>
    </ClInclude>
    <ClInclude Include="vendor\glm\glm\ext\vector_double1_precision.hpp">
      <Filter>vendor\glm\glm\ext</Filter>
    </ClInclude>
    <ClInclude Include="vendor\glm\glm\ext\vector_double2.hpp">
      <Filter>vendor\glm\glm\ext</Filter>
    </ClInclude>
    <ClInclude Include="vendor\glm\glm\ext\vector_double2_precision.hpp">
      <Filter>vendor\glm\glm\ext</Filter>
    </ClInclude>
    <ClInclude Include="vendor\glm\glm\ext\vector_double3.hpp">
      <Filter>vendor\glm\glm\ext</Filter>
    </ClInclude>
    <ClInclude Include="vendor\glm\glm\ext\vector_double3_precision.hpp">
      <Filter>vendor\glm\glm\ext</Filter>
    </ClInclude>
    <ClInclude Include="vendor\glm\glm\ext\vector_double4.hpp">
      <Filter>vendor\glm\glm\ext</Filter>
    </ClInclude>
    <ClInclude Include="vendor\glm\glm\ext\vector_double4_precision.hpp">
      <Filter>vendor\glm\glm\ext</Filter>
    </ClInclude>
    <ClInclude Include="vendor\glm\glm\ext\vector_float1.hpp">
      <Filter>vendor\glm\glm\ext</Filter>
    </ClInclude>
    <ClInclude Include="vendor\glm\glm\ext\vector_float1_precision.hpp">
      <Filter>vendor\glm\glm\ext</Filter>
    </ClInclude>
    <ClInclude Include="vendor\glm\glm\ext\vector_float2.hpp">
      <Filter>vendor\glm\glm\ext</Filter>
    </ClInclude>
    <ClInclude Include="vendor\glm\glm\ext\vector_float2_precision.hpp">
      <Filter>vendor\glm\glm\ext</Filter>
    </ClInclude>
    <ClInclude Include="vendor\glm\glm\ext\vector_float3.hpp">
      <Filter>vendor\glm\glm\ext</Filter>
    </ClInclude>
    <ClInclude Include="vendor\glm\glm\ext\vector_float3_precision.hpp">
      <Filter>vendor\glm\glm\ext</Filter>
    </ClInclude>
    <ClInclude Include="vendor\glm\glm\ext\vector_float4.hpp">
      <Filter>vendor\glm\glm\ext</Filter>
    </ClInclude>
    <ClInclude Include="vendor\glm\glm\ext\vector_float4_precision.hpp">
      <Filter>vendor\glm\glm\ext</Filter>
    </ClInclude>
    <ClInclude Include="vendor\glm\glm\ext\vector_int1.hpp">
      <Filter>vendor\glm\glm\ext</Filter>
    </ClInclude>
    <ClInclude Include="vendor\glm\glm\ext\vector_int1_sized.hpp">
      <Filter>vendor\glm\glm\ext</Filter>
    </ClInclude>
    <ClInclude Include="vendor\glm\glm\ext\vector_int2.hpp">
      <Filter>vendor\glm\glm\ext</Filter>
    </ClInclude>
    <ClInclude Include="vendor\glm\glm\ext\vector_int2_sized.hpp">
      <Filter>vendor\glm\glm\ext</Filter>
    </ClInclude>
    <ClInclude Include="vendor\glm\glm\ext\vector_int3.hpp">
      <Filter>vendor\glm\glm\ext</Filter>
    </ClInclude>
    <ClInclude Include="vendor\glm\glm\ext\vector_int3_sized.hpp">
      <Filter>vendor\glm\glm\ext</Filter>
    </ClInclude>
    <ClInclude Include="vendor\glm\glm\ext\vector_int4.hpp">
      <Filter>vendor\glm\glm\ext</Filter>
    </ClInclude>
    <ClInclude Include="vendor\glm\glm\ext\vector_int4_sized.hpp">
      <Filter>vendor\glm\glm\ext</Filter>
    </ClInclude>
    <ClInclude Include="vendor\glm\glm\ext\vector_integer.hpp">
      <Filter>vendor\glm\glm\ext</Filter>
    </ClInclude>
    <ClInclude Include="vendor\glm\glm\ext\vector_integer.inl">
      <Filter>vendor\glm\glm\ext</Filter>
    </ClInclude>
    <ClInclude Include="vendor\glm\glm\ext\vector_packing.hpp">
      <Filter>vendor\glm\glm\ext</Filter>
    </ClInclude>
    <ClInclude Include="vendor\glm\glm\ext\vector_packing.inl">
      <Filter>vendor\glm\glm\ext</Filter>
    </ClInclude>
    <ClInclude Include="vendor\glm\glm\ext\vector_relational.hpp">
      <Filter>vendor\glm\glm\ext</Filter>
    </ClInclude>
    <ClInclude Include="vendor\glm\glm\ext\vector_relational.inl">
      <Filter>vendor\glm\glm\ext</Filter>
    </ClInclude>
    <ClInclude Include="vendor\glm\glm\ext\vector_uint1.hpp">
      <Filter>vendor\glm\glm\ext</Filter>
    </ClInclude>
    <ClInclude Include="vendor\glm\glm\ext\vector_uint1_sized.hpp">
      <Filter>vendor\glm\glm\ext</Filter>
    </ClInclude>
    <ClInclude Include="vendor\glm\glm\ext\vector_uint2.hpp">
      <Filter>vendor\glm\glm\ext</Filter>
    </ClInclude>
    <ClInclude Include="vendor\glm\glm\ext\vector_uint2_sized.hpp">
      <Filter>vendor\glm\glm\ext</Filter>
    </ClInclude>
    <ClInclude Include="vendor\glm\glm\ext\vector_uint3.hpp">
      <Filter>vendor\glm\glm\ext</Filter>
    </ClInclude>
    <ClInclude Include="vendor\glm\glm\ext\vector_uint3_sized.hpp">
      <Filter>vendor\glm\glm\ext</Filter>
    </ClInclude>
    <ClInclude Include="vendor\glm\glm\ext\vector_uint4.hpp">
      <Filter>vendor\glm\glm\ext</Filter>
    </ClInclude>
    <ClInclude Include="vendor\glm\glm\ext\vector_uint4_sized.hpp">
      <Filter>vendor\glm\glm\ext</Filter>
    </ClInclude>
    <ClInclude Include="vendor\glm\glm\ext\vector_ulp.hpp">
      <Filter>vendor\glm\glm\ext</Filter>
    </ClInclude>
    <ClInclude Include="vendor\glm\glm\ext\vector_ulp.inl">
      <Filter>vendor\glm\glm\ext</Filter>
    </ClInclude>
    <ClInclude Include="vendor\glm\glm\fwd.hpp">
      <Filter>vendor\glm\glm</Filter>
    </ClInclude>
    <ClInclude Include="vendor\glm\glm\geometric.hpp">
      <Filter>vendor\glm\glm</Filter>
    </ClInclude>
    <ClInclude Include="vendor\glm\glm\glm.hpp">
      <Filter>vendor\glm\glm</Filter>
    </ClInclude>
    <ClInclude Include="vendor\glm\glm\gtc\bitfield.hpp">
      <Filter>vendor\glm\glm\gtc</Filter>
    </ClInclude>
    <ClInclude Include="vendor\glm\glm\gtc\bitfield.inl">
      <Filter>vendor\glm\glm\gtc</Filter>
    </ClInclude>
    <ClInclude Include="vendor\glm\glm\gtc\color_space.hpp">
      <Filter>vendor\glm\glm\gtc</Filter>
    </ClInclude>
    <ClInclude Include="vendor\glm\glm\gtc\color_space.inl">
      <Filter>vendor\glm\glm\gtc</Filter>
    </ClInclude>
    <ClInclude Include="vendor\glm\glm\gtc\constants.hpp">
      <Filter>vendor\glm\glm\gtc</Filter>
    </ClInclude>
    <ClInclude Include="vendor\glm\glm\gtc\constants.inl">
      <Filter>vendor\glm\glm\gtc</Filter>
    </ClInclude>
    <ClInclude Include="vendor\glm\glm\gtc\epsilon.hpp">
      <Filter>vendor\glm\glm\gtc</Filter>
    </ClInclude>
    <ClInclude Include="vendor\glm\glm\gtc\epsilon.inl">
      <Filter>vendor\glm\glm\gtc</Filter>
    </ClInclude>
    <ClInclude Include="vendor\glm\glm\gtc\integer.hpp">
      <Filter>vendor\glm\glm\gtc</Filter>
    </ClInclude>
    <ClInclude Include="vendor\glm\glm\gtc\integer.inl">
      <Filter>vendor\glm\glm\gtc</Filter>
    </ClInclude>
    <ClInclude Include="vendor\glm\glm\gtc\matrix_access.hpp">
      <Filter>vendor\glm\glm\gtc</Filter>
    </ClInclude>
    <ClInclude Include="vendor\glm\glm\gtc\matrix_access.inl">
      <Filter>vendor\glm\glm\gtc</Filter>
    </ClInclude>
    <ClInclude Include="vendor\glm\glm\gtc\matrix_integer.hpp">
      <Filter>vendor\glm\glm\gtc</Filter>
    </ClInclude>
    <ClInclude Include="vendor\glm\glm\gtc\matrix_inverse.hpp">
      <Filter>vendor\glm\glm\gtc</Filter>
    </ClInclude>
    <ClInclude Include="vendor\glm\glm\gtc\matrix_inverse.inl">
      <Filter>vendor\glm\glm\gtc</Filter>
    </ClInclude>
    <ClInclude Include="vendor\glm\glm\gtc\matrix_transform.hpp">
      <Filter>vendor\glm\glm\gtc</Filter>
    </ClInclude>
    <ClInclude Include="vendor\glm\glm\gtc\matrix_transform.inl">
      <Filter>vendor\glm\glm\gtc</Filter>
    </ClInclude>
    <ClInclude Include="vendor\glm\glm\gtc\noise.hpp">
      <Filter>vendor\glm\glm\gtc</Filter>
    </ClInclude>
    <ClInclude Include="vendor\glm\glm\gtc\noise.inl">
      <Filter>vendor\glm\glm\gtc</Filter>
    </ClInclude>
    <ClInclude Include="vendor\glm\glm\gtc\packing.hpp">
      <Filter>vendor\glm\glm\gtc</Filter>
    </ClInclude>
    <ClInclude Include="vendor\glm\glm\gtc\packing.inl">
      <Filter>vendor\glm\glm\gtc</Filter>
    </ClInclude>
    <ClInclude Include="vendor\glm\glm\gtc\quaternion.hpp">
      <Filter>vendor\glm\glm\gtc</Filter>
    </ClInclude>
    <ClInclude Include="vendor\glm\glm\gtc\quaternion.inl">
      <Filter>vendor\glm\glm\gtc</Filter>
    </ClInclude>
    <ClInclude Include="vendor\glm\glm\gtc\quaternion_simd.inl">
      <Filter>vendor\glm\glm\gtc</Filter>
    </ClInclude>
    <ClInclude Include="vendor\glm\glm\gtc\random.hpp">
      <Filter>vendor\glm\glm\gtc</Filter>
    </ClInclude>
    <ClInclude Include="vendor\glm\glm\gtc\random.inl">
      <Filter>vendor\glm\glm\gtc</Filter>
    </ClInclude>
    <ClInclude Include="vendor\glm\glm\gtc\reciprocal.hpp">
      <Filter>vendor\glm\glm\gtc</Filter>
    </ClInclude>
    <ClInclude Include="vendor\glm\glm\gtc\reciprocal.inl">
      <Filter>vendor\glm\glm\gtc</Filter>
    </ClInclude>
    <ClInclude Include="vendor\glm\glm\gtc\round.hpp">
      <Filter>vendor\glm\glm\gtc</Filter>
    </ClInclude>
    <ClInclude Include="vendor\glm\glm\gtc\round.inl">
      <Filter>vendor\glm\glm\gtc</Filter>
    </ClInclude>
    <ClInclude Include="vendor\glm\glm\gtc\type_aligned.hpp">
      <Filter>vendor\glm\glm\gtc</Filter>
    </ClInclude>
    <ClInclude Include="vendor\glm\glm\gtc\type_precision.hpp">
      <Filter>vendor\glm\glm\gtc</Filter>
    </ClInclude>
    <ClInclude Include="vendor\glm\glm\gtc\type_precision.inl">
      <Filter>vendor\glm\glm\gtc</Filter>
    </ClInclude>
    <ClInclude Include="vendor\glm\glm\gtc\type_ptr.hpp">
      <Filter>vendor\glm\glm\gtc</Filter>
    </ClInclude>
    <ClInclude Include="vendor\glm\glm\gtc\type_ptr.inl">
      <Filter>vendor\glm\glm\gtc</Filter>
    </ClInclude>
    <ClInclude Include="vendor\glm\glm\gtc\ulp.hpp">
      <Filter>vendor\glm\glm\gtc</Filter>
    </ClInclude>
    <ClInclude Include="vendor\glm\glm\gtc\ulp.inl">
      <Filter>vendor\glm\glm\gtc</Filter>
    </ClInclude>
    <ClInclude Include="vendor\glm\glm\gtc\vec1.hpp">
      <Filter>vendor\glm\glm\gtc</Filter>
    </ClInclude>
    <ClInclude Include="vendor\glm\glm\gtx\associated_min_max.hpp">
      <Filter>vendor\glm\glm\gtx</Filter>
    </ClInclude>
    <ClInclude Include="vendor\glm\glm\gtx\associated_min_max.inl">
      <Filter>vendor\glm\glm\gtx</Filter>
    </ClInclude>
    <ClInclude Include="vendor\glm\glm\gtx\bit.hpp">
      <Filter>vendor\glm\glm\gtx</Filter>
    </ClInclude>
    <ClInclude Include="vendor\glm\glm\gtx\bit.inl">
      <Filter>vendor\glm\glm\gtx</Filter>
    </ClInclude>
    <ClInclude Include="vendor\glm\glm\gtx\closest_point.hpp">
      <Filter>vendor\glm\glm\gtx</Filter>
    </ClInclude>
    <ClInclude Include="vendor\glm\glm\gtx\closest_point.inl">
      <Filter>vendor\glm\glm\gtx</Filter>
    </ClInclude>
    <ClInclude Include="vendor\glm\glm\gtx\color_encoding.hpp">
      <Filter>vendor\glm\glm\gtx</Filter>
    </ClInclude>
    <ClInclude Include="vendor\glm\glm\gtx\color_encoding.inl">
      <Filter>vendor\glm\glm\gtx</Filter>
    </ClInclude>
    <ClInclude Include="vendor\glm\glm\gtx\color_space.hpp">
      <Filter>vendor\glm\glm\gtx</Filter>
    </ClInclude>
    <ClInclude Include="vendor\glm\glm\gtx\color_space.inl">
      <Filter>vendor\glm\glm\gtx</Filter>
    </ClInclude>
    <ClInclude Include="vendor\glm\glm\gtx\color_space_YCoCg.hpp">
      <Filter>vendor\glm\glm\gtx</Filter>
    </ClInclude>
    <ClInclude Include="vendor\glm\glm\gtx\color_space_YCoCg.inl">
      <Filter>vendor\glm\glm\gtx</Filter>
    </ClInclude>
    <ClInclude Include="vendor\glm\glm\gtx\common.hpp">
      <Filter>vendor\glm\glm\gtx</Filter>
    </ClInclude>
    <ClInclude Include="vendor\glm\glm\gtx\common.inl">
      <Filter>vendor\glm\glm\gtx</Filter>
    </ClInclude>
    <ClInclude Include="vendor\glm\glm\gtx\compatibility.hpp">
      <Filter>vendor\glm\glm\gtx</Filter>
    </ClInclude>
    <ClInclude Include="vendor\glm\glm\gtx\compatibility.inl">
      <Filter>vendor\glm\glm\gtx</Filter>
    </ClInclude>
    <ClInclude Include="vendor\glm\glm\gtx\component_wise.hpp">
      <Filter>vendor\glm\glm\gtx</Filter>
    </ClInclude>
    <ClInclude Include="vendor\glm\glm\gtx\component_wise.inl">
      <Filter>vendor\glm\glm\gtx</Filter>
    </ClInclude>
    <ClInclude Include="vendor\glm\glm\gtx\dual_quaternion.hpp">
      <Filter>vendor\glm\glm\gtx</Filter>
    </ClInclude>
    <ClInclude Include="vendor\glm\glm\gtx\dual_quaternion.inl">
      <Filter>vendor\glm\glm\gtx</Filter>
    </ClInclude>
    <ClInclude Include="vendor\glm\glm\gtx\easing.hpp">
      <Filter>vendor\glm\glm\gtx</Filter>
    </ClInclude>
    <ClInclude Include="vendor\glm\glm\gtx\easing.inl">
      <Filter>vendor\glm\glm\gtx</Filter>
    </ClInclude>
    <ClInclude Include="vendor\glm\glm\gtx\euler_angles.hpp">
      <Filter>vendor\glm\glm\gtx</Filter>
    </ClInclude>
    <ClInclude Include="vendor\glm\glm\gtx\euler_angles.inl">
      <Filter>vendor\glm\glm\gtx</Filter>
    </ClInclude>
    <ClInclude Include="vendor\glm\glm\gtx\extend.hpp">
      <Filter>vendor\glm\glm\gtx</Filter>
    </ClInclude>
    <ClInclude Include="vendor\glm\glm\gtx\extend.inl">
      <Filter>vendor\glm\glm\gtx</Filter>
    </ClInclude>
    <ClInclude Include="vendor\glm\glm\gtx\extended_min_max.hpp">
      <Filter>vendor\glm\glm\gtx</Filter>
    </ClInclude>
    <ClInclude Include="vendor\glm\glm\gtx\extended_min_max.inl">
      <Filter>vendor\glm\glm\gtx</Filter>
    </ClInclude>
    <ClInclude Include="vendor\glm\glm\gtx\exterior_product.hpp">
      <Filter>vendor\glm\glm\gtx</Filter>
    </ClInclude>
    <ClInclude Include="vendor\glm\glm\gtx\exterior_product.inl">
      <Filter>vendor\glm\glm\gtx</Filter>
    </ClInclude>
    <ClInclude Include="vendor\glm\glm\gtx\fast_exponential.hpp">
      <Filter>vendor\glm\glm\gtx</Filter>
    </ClInclude>
    <ClInclude Include="vendor\glm\glm\gtx\fast_exponential.inl">
      <Filter>vendor\glm\glm\gtx</Filter>
    </ClInclude>
    <ClInclude Include="vendor\glm\glm\gtx\fast_square_root.hpp">
      <Filter>vendor\glm\glm\gtx</Filter>
    </ClInclude>
    <ClInclude Include="vendor\glm\glm\gtx\fast_square_root.inl">
      <Filter>vendor\glm\glm\gtx</Filter>
    </ClInclude>
    <ClInclude Include="vendor\glm\glm\gtx\fast_trigonometry.hpp">
      <Filter>vendor\glm\glm\gtx</Filter>
    </ClInclude>
    <ClInclude Include="vendor\glm\glm\gtx\fast_trigonometry.inl">
      <Filter>vendor\glm\glm\gtx</Filter>
    </ClInclude>
    <ClInclude Include="vendor\glm\glm\gtx\float_notmalize.inl">
      <Filter>vendor\glm\glm\gtx</Filter>
    </ClInclude>
    <ClInclude Include="vendor\glm\glm\gtx\functions.hpp">
      <Filter>vendor\glm\glm\gtx</Filter>
    </ClInclude>
    <ClInclude Include="vendor\glm\glm\gtx\functions.inl">
      <Filter>vendor\glm\glm\gtx</Filter>
    </ClInclude>
    <ClInclude Include="vendor\glm\glm\gtx\gradient_paint.hpp">
      <Filter>vendor\glm\glm\gtx</Filter>
    </ClInclude>
    <ClInclude Include="vendor\glm\glm\gtx\gradient_paint.inl">
      <Filter>vendor\glm\glm\gtx</Filter>
    </ClInclude>
    <ClInclude Include="vendor\glm\glm\gtx\handed_coordinate_space.hpp">
      <Filter>vendor\glm\glm\gtx</Filter>
    </ClInclude>
    <ClInclude Include="vendor\glm\glm\gtx\handed_coordinate_space.inl">
      <Filter>vendor\glm\glm\gtx</Filter>
    </ClInclude>
    <ClInclude Include="vendor\glm\glm\gtx\hash.hpp">
      <Filter>vendor\glm\glm\gtx</Filter>
    </ClInclude>
    <ClInclude Include="vendor\glm\glm\gtx\hash.inl">
      <Filter>vendor\glm\glm\gtx</Filter>
    </ClInclude>
    <ClInclude Include="vendor\glm\glm\gtx\integer.hpp">
      <Filter>vendor\glm\glm\gtx</Filter>
    </ClInclude>
    <ClInclude Include="vendor\glm\glm\gtx\integer.inl">
      <Filter>vendor\glm\glm\gtx</Filter>
    </ClInclude>
    <ClInclude Include="vendor\glm\glm\gtx\intersect.hpp">
      <Filter>vendor\glm\glm\gtx</Filter>
    </ClInclude>
    <ClInclude Include="vendor\glm\glm\gtx\intersect.inl">
      <Filter>vendor\glm\glm\gtx</Filter>
    </ClInclude>
    <ClInclude Include="vendor\glm\glm\gtx\io.hpp">
      <Filter>vendor\glm\glm\gtx</Filter>
    </ClInclude>
    <ClInclude Include="vendor\glm\glm\gtx\io.inl">
      <Filter>vendor\glm\glm\gtx</Filter>
    </ClInclude>
    <ClInclude Include="vendor\glm\glm\gtx\log_base.hpp">
      <Filter>vendor\glm\glm\gtx</Filter>
    </ClInclude>
    <ClInclude Include="vendor\glm\glm\gtx\log_base.inl">
      <Filter>vendor\glm\glm\gtx</Filter>
    </ClInclude>
    <ClInclude Include="vendor\glm\glm\gtx\matrix_cross_product.hpp">
      <Filter>vendor\glm\glm\gtx</Filter>
    </ClInclude>
    <ClInclude Include="vendor\glm\glm\gtx\matrix_cross_product.inl">
      <Filter>vendor\glm\glm\gtx</Filter>
    </ClInclude>
    <ClInclude Include="vendor\glm\glm\gtx\matrix_decompose.hpp">
      <Filter>vendor\glm\glm\gtx</Filter>
    </ClInclude>
    <ClInclude Include="vendor\glm\glm\gtx\matrix_decompose.inl">
      <Filter>vendor\glm\glm\gtx</Filter>
    </ClInclude>
    <ClInclude Include="vendor\glm\glm\gtx\matrix_factorisation.hpp">
      <Filter>vendor\glm\glm\gtx</Filter>
    </ClInclude>
    <ClInclude Include="vendor\glm\glm\gtx\matrix_factorisation.inl">
      <Filter>vendor\glm\glm\gtx</Filter>
    </ClInclude>
    <ClInclude Include="vendor\glm\glm\gtx\matrix_interpolation.hpp">
      <Filter>vendor\glm\glm\gtx</Filter>
    </ClInclude>
    <ClInclude Include="vendor\glm\glm\gtx\matrix_interpolation.inl">
      <Filter>vendor\glm\glm\gtx</Filter>
    </ClInclude>
    <ClInclude Include="vendor\glm\glm\gtx\matrix_major_storage.hpp">
      <Filter>vendor\glm\glm\gtx</Filter>
    </ClInclude>
    <ClInclude Include="vendor\glm\glm\gtx\matrix_major_storage.inl">
      <Filter>vendor\glm\glm\gtx</Filter>
    </ClInclude>
    <ClInclude Include="vendor\glm\glm\gtx\matrix_operation.hpp">
      <Filter>vendor\glm\glm\gtx</Filter>
    </ClInclude>
    <ClInclude Include="vendor\glm\glm\gtx\matrix_operation.inl">
      <Filter>vendor\glm\glm\gtx</Filter>
    </ClInclude>
    <ClInclude Include="vendor\glm\glm\gtx\matrix_query.hpp">
      <Filter>vendor\glm\glm\gtx</Filter>
    </ClInclude>
    <ClInclude Include="vendor\glm\glm\gtx\matrix_query.inl">
      <Filter>vendor\glm\glm\gtx</Filter>
    </ClInclude>
    <ClInclude Include="vendor\glm\glm\gtx\matrix_transform_2d.hpp">
      <Filter>vendor\glm\glm\gtx</Filter>
    </ClInclude>
    <ClInclude Include="vendor\glm\glm\gtx\matrix_transform_2d.inl">
      <Filter>vendor\glm\glm\gtx</Filter>
    </ClInclude>
    <ClInclude Include="vendor\glm\glm\gtx\mixed_product.hpp">
      <Filter>vendor\glm\glm\gtx</Filter>
    </ClInclude>
    <ClInclude Include="vendor\glm\glm\gtx\mixed_product.inl">
      <Filter>vendor\glm\glm\gtx</Filter>
    </ClInclude>
    <ClInclude Include="vendor\glm\glm\gtx\norm.hpp">
      <Filter>vendor\glm\glm\gtx</Filter>
    </ClInclude>
    <ClInclude Include="vendor\glm\glm\gtx\norm.inl">
      <Filter>vendor\glm\glm\gtx</Filter>
    </ClInclude>
    <ClInclude Include="vendor\glm\glm\gtx\normal.hpp">
      <Filter>vendor\glm\glm\gtx</Filter>
    </ClInclude>
    <ClInclude Include="vendor\glm\glm\gtx\normal.inl">
      <Filter>vendor\glm\glm\gtx</Filter>
    </ClInclude>
    <ClInclude Include="vendor\glm\glm\gtx\normalize_dot.hpp">
      <Filter>vendor\glm\glm\gtx</Filter>
    </ClInclude>
    <ClInclude Include="vendor\glm\glm\gtx\normalize_dot.inl">
      <Filter>vendor\glm\glm\gtx</Filter>
    </ClInclude>
    <ClInclude Include="vendor\glm\glm\gtx\number_precision.hpp">
      <Filter>vendor\glm\glm\gtx</Filter>
    </ClInclude>
    <ClInclude Include="vendor\glm\glm\gtx\number_precision.inl">
      <Filter>vendor\glm\glm\gtx</Filter>
    </ClInclude>
    <ClInclude Include="vendor\glm\glm\gtx\optimum_pow.hpp">
      <Filter>vendor\glm\glm\gtx</Filter>
    </ClInclude>
    <ClInclude Include="vendor\glm\glm\gtx\optimum_pow.inl">
      <Filter>vendor\glm\glm\gtx</Filter>
    </ClInclude>
    <ClInclude Include="vendor\glm\glm\gtx\orthonormalize.hpp">
      <Filter>vendor\glm\glm\gtx</Filter>
    </ClInclude>
    <ClInclude Include="vendor\glm\glm\gtx\orthonormalize.inl">
      <Filter>vendor\glm\glm\gtx</Filter>
    </ClInclude>
    <ClInclude Include="vendor\glm\glm\gtx\perpendicular.hpp">
      <Filter>vendor\glm\glm\gtx</Filter>
    </ClInclude>
    <ClInclude Include="vendor\glm\glm\gtx\perpendicular.inl">
      <Filter>vendor\glm\glm\gtx</Filter>
    </ClInclude>
    <ClInclude Include="vendor\glm\glm\gtx\polar_coordinates.hpp">
      <Filter>vendor\glm\glm\gtx</Filter>
    </ClInclude>
    <ClInclude Include="vendor\glm\glm\gtx\polar_coordinates.inl">
      <Filter>vendor\glm\glm\gtx</Filter>
    </ClInclude>
    <ClInclude Include="vendor\glm\glm\gtx\projection.hpp">
      <Filter>vendor\glm\glm\gtx</Filter>
    </ClInclude>
    <ClInclude Include="vendor\glm\glm\gtx\projection.inl">
      <Filter>vendor\glm\glm\gtx</Filter>
    </ClInclude>
    <ClInclude Include="vendor\glm\glm\gtx\quaternion.hpp">
      <Filter>vendor\glm\glm\gtx</Filter>
    </ClInclude>
    <ClInclude Include="vendor\glm\glm\gtx\quaternion.inl">
      <Filter>vendor\glm\glm\gtx</Filter>
    </ClInclude>
    <ClInclude Include="vendor\glm\glm\gtx\range.hpp">
      <Filter>vendor\glm\glm\gtx</Filter>
    </ClInclude>
    <ClInclude Include="vendor\glm\glm\gtx\raw_data.hpp">
      <Filter>vendor\glm\glm\gtx</Filter>
    </ClInclude>
    <ClInclude Include="vendor\glm\glm\gtx\raw_data.inl">
      <Filter>vendor\glm\glm\gtx</Filter>
    </ClInclude>
    <ClInclude Include="vendor\glm\glm\gtx\rotate_normalized_axis.hpp">
      <Filter>vendor\glm\glm\gtx</Filter>
    </ClInclude>
    <ClInclude Include="vendor\glm\glm\gtx\rotate_normalized_axis.inl">
      <Filter>vendor\glm\glm\gtx</Filter>
    </ClInclude>
    <ClInclude Include="vendor\glm\glm\gtx\rotate_vector.hpp">
      <Filter>vendor\glm\glm\gtx</Filter>
    </ClInclude>
    <ClInclude Include="vendor\glm\glm\gtx\rotate_vector.inl">
      <Filter>vendor\glm\glm\gtx</Filter>
    </ClInclude>
    <ClInclude Include="vendor\glm\glm\gtx\scalar_multiplication.hpp">
      <Filter>vendor\glm\glm\gtx</Filter>
    </ClInclude>
    <ClInclude Include="vendor\glm\glm\gtx\scalar_relational.hpp">
      <Filter>vendor\glm\glm\gtx</Filter>
    </ClInclude>
    <ClInclude Include="vendor\glm\glm\gtx\scalar_relational.inl">
      <Filter>vendor\glm\glm\gtx</Filter>
    </ClInclude>
    <ClInclude Include="vendor\glm\glm\gtx\spline.hpp">
      <Filter>vendor\glm\glm\gtx</Filter>
    </ClInclude>
    <ClInclude Include="vendor\glm\glm\gtx\spline.inl">
      <Filter>vendor\glm\glm\gtx</Filter>
    </ClInclude>
    <ClInclude Include="vendor\glm\glm\gtx\std_based_type.hpp">
      <Filter>vendor\glm\glm\gtx</Filter>
    </ClInclude>
    <ClInclude Include="vendor\glm\glm\gtx\std_based_type.inl">
      <Filter>vendor\glm\glm\gtx</Filter>
    </ClInclude>
    <ClInclude Include="vendor\glm\glm\gtx\string_cast.hpp">
      <Filter>vendor\glm\glm\gtx</Filter>
    </ClInclude>
    <ClInclude Include="vendor\glm\glm\gtx\string_cast.inl">
      <Filter>vendor\glm\glm\gtx</Filter>
    </ClInclude>
    <ClInclude Include="vendor\glm\glm\gtx\texture.hpp">
      <Filter>vendor\glm\glm\gtx</Filter>
    </ClInclude>
    <ClInclude Include="vendor\glm\glm\gtx\texture.inl">
      <Filter>vendor\glm\glm\gtx</Filter>
    </ClInclude>
    <ClInclude Include="vendor\glm\glm\gtx\transform.hpp">
      <Filter>vendor\glm\glm\gtx</Filter>
    </ClInclude>
    <ClInclude Include="vendor\glm\glm\gtx\transform.inl">
      <Filter>vendor\glm\glm\gtx</Filter>
    </ClInclude>
    <ClInclude Include="vendor\glm\glm\gtx\transform2.hpp">
      <Filter>vendor\glm\glm\gtx</Filter>
    </ClInclude>
    <ClInclude Include="vendor\glm\glm\gtx\transform2.inl">
      <Filter>vendor\glm\glm\gtx</Filter>
    </ClInclude>
    <ClInclude Include="vendor\glm\glm\gtx\type_aligned.hpp">
      <Filter>vendor\glm\glm\gtx</Filter>
    </ClInclude>
    <ClInclude Include="vendor\glm\glm\gtx\type_aligned.inl">
      <Filter>vendor\glm\glm\gtx</Filter>
    </ClInclude>
    <ClInclude Include="vendor\glm\glm\gtx\type_trait.hpp">
      <Filter>vendor\glm\glm\gtx</Filter>
    </ClInclude>
    <ClInclude Include="vendor\glm\glm\gtx\type_trait.inl">
      <Filter>vendor\glm\glm\gtx</Filter>
    </ClInclude>
    <ClInclude Include="vendor\glm\glm\gtx\vec_swizzle.hpp">
      <Filter>vendor\glm\glm\gtx</Filter>
    </ClInclude>
    <ClInclude Include="vendor\glm\glm\gtx\vector_angle.hpp">
      <Filter>vendor\glm\glm\gtx</Filter>
    </ClInclude>
    <ClInclude Include="vendor\glm\glm\gtx\vector_angle.inl">
      <Filter>vendor\glm\glm\gtx</Filter>
    </ClInclude>
    <ClInclude Include="vendor\glm\glm\gtx\vector_query.hpp">
      <Filter>vendor\glm\glm\gtx</Filter>
    </ClInclude>
    <ClInclude Include="vendor\glm\glm\gtx\vector_query.inl">
      <Filter>vendor\glm\glm\gtx</Filter>
    </ClInclude>
    <ClInclude Include="vendor\glm\glm\gtx\wrap.hpp">
      <Filter>vendor\glm\glm\gtx</Filter>
    </ClInclude>
    <ClInclude Include="vendor\glm\glm\gtx\wrap.inl">
      <Filter>vendor\glm\glm\gtx</Filter>
    </ClInclude>
    <ClInclude Include="vendor\glm\glm\integer.hpp">
      <Filter>vendor\glm\glm</Filter>
    </ClInclude>
    <ClInclude Include="vendor\glm\glm\mat2x2.hpp">
      <Filter>vendor\glm\glm</Filter>
    </ClInclude>
    <ClInclude Include="vendor\glm\glm\mat2x3.hpp">
      <Filter>vendor\glm\glm</Filter>
    </ClInclude>
    <ClInclude Include="vendor\glm\glm\mat2x4.hpp">
      <Filter>vendor\glm\glm</Filter>
    </ClInclude>
    <ClInclude Include="vendor\glm\glm\mat3x2.hpp">
      <Filter>vendor\glm\glm</Filter>
    </ClInclude>
    <ClInclude Include="vendor\glm\glm\mat3x3.hpp">
      <Filter>vendor\glm\glm</Filter>
    </ClInclude>
    <ClInclude Include="vendor\glm\glm\mat3x4.hpp">
      <Filter>vendor\glm\glm</Filter>
    </ClInclude>
    <ClInclude Include="vendor\glm\glm\mat4x2.hpp">
      <Filter>vendor\glm\glm</Filter>
    </ClInclude>
    <ClInclude Include="vendor\glm\glm\mat4x3.hpp">
      <Filter>vendor\glm\glm</Filter>
    </ClInclude>
    <ClInclude Include="vendor\glm\glm\mat4x4.hpp">
      <Filter>vendor\glm\glm</Filter>
    </ClInclude>
    <ClInclude Include="vendor\glm\glm\matrix.hpp">
      <Filter>vendor\glm\glm</Filter>
    </ClInclude>
    <ClInclude Include="vendor\glm\glm\packing.hpp">
      <Filter>vendor\glm\glm</Filter>
    </ClInclude>
    <ClInclude Include="vendor\glm\glm\trigonometric.hpp">
      <Filter>vendor\glm\glm</Filter>
    </ClInclude>
    <ClInclude Include="vendor\glm\glm\vec2.hpp">
      <Filter>vendor\glm\glm</Filter>
    </ClInclude>
    <ClInclude Include="vendor\glm\glm\vec3.hpp">
      <Filter>vendor\glm\glm</Filter>
    </ClInclude>
    <ClInclude Include="vendor\glm\glm\vec4.hpp">
      <Filter>vendor\glm\glm</Filter>
    </ClInclude>
    <ClInclude Include="vendor\glm\glm\vector_relational.hpp">
      <Filter>vendor\glm\glm</Filter>
    </ClInclude>
    <ClInclude Include="vendor\stb_image\cro_mipmap.h">
      <Filter>vendor\stb_image</Filter>
    </ClInclude>
    <ClInclude Include="vendor\stb_image\stb_image.h">
      <Filter>vendor\stb_image</Filter>
    </ClInclude>
    <ClInclude Include="inc\Engine\Core\Maths\Rect.h">
      <Filter>inc\Engine\Core\Maths</Filter>
    </ClInclude>
  </ItemGroup>
  <ItemGroup>
    <ClCompile Include="src\Engine\Component\CameraComponent.cpp">
      <Filter>src\Engine\Component</Filter>
    </ClCompile>
    <ClCompile Include="src\Engine\Component\MeshComponent.cpp">
      <Filter>src\Engine\Component</Filter>
    </ClCompile>
    <ClCompile Include="src\Engine\Component\TransformComponent.cpp">
      <Filter>src\Engine\Component</Filter>
    </ClCompile>
    <ClCompile Include="src\Engine\Config\CVar.cpp">
      <Filter>src\Engine\Config</Filter>
    </ClCompile>
    <ClCompile Include="src\Engine\Config\Config.cpp">
      <Filter>src\Engine\Config</Filter>
    </ClCompile>
    <ClCompile Include="src\Engine\Core\Application.cpp">
      <Filter>src\Engine\Core</Filter>
    </ClCompile>
    <ClCompile Include="src\Engine\Core\InsightAlias.cpp">
      <Filter>src\Engine\Core</Filter>
    </ClCompile>
    <ClCompile Include="src\Engine\Core\Log.cpp">
      <Filter>src\Engine\Core</Filter>
    </ClCompile>
    <ClCompile Include="src\Engine\Core\Maths\Maths.cpp">
      <Filter>src\Engine\Core\Maths</Filter>
    </ClCompile>
    <ClCompile Include="src\Engine\Core\Object.cpp">
      <Filter>src\Engine\Core</Filter>
    </ClCompile>
    <ClCompile Include="src\Engine\Core\Types\DateTime.cpp">
      <Filter>src\Engine\Core\Types</Filter>
    </ClCompile>
    <ClCompile Include="src\Engine\Core\Types\TimeSpan.cpp">
      <Filter>src\Engine\Core\Types</Filter>
    </ClCompile>
    <ClCompile Include="src\Engine\Entitiy\Entity.cpp">
      <Filter>src\Engine\Entitiy</Filter>
    </ClCompile>
    <ClCompile Include="src\Engine\Event\EventManager.cpp">
      <Filter>src\Engine\Event</Filter>
    </ClCompile>
    <ClCompile Include="src\Engine\FileSystem\FileSystem.cpp">
      <Filter>src\Engine\FileSystem</Filter>
    </ClCompile>
    <ClCompile Include="src\Engine\FileSystem\WatchInfo.cpp">
      <Filter>src\Engine\FileSystem</Filter>
    </ClCompile>
    <ClCompile Include="src\Engine\Graphics\Enums.cpp">
      <Filter>src\Engine\Graphics</Filter>
    </ClCompile>
    <ClCompile Include="src\Engine\Graphics\Framebuffer.cpp">
      <Filter>src\Engine\Graphics</Filter>
    </ClCompile>
    <ClCompile Include="src\Engine\Graphics\GPUBuffer.cpp">
      <Filter>src\Engine\Graphics</Filter>
    </ClCompile>
    <ClCompile Include="src\Engine\Graphics\GPUBufferDescription.cpp">
      <Filter>src\Engine\Graphics</Filter>
    </ClCompile>
    <ClCompile Include="src\Engine\Graphics\GPUCommandBuffer.cpp">
      <Filter>src\Engine\Graphics</Filter>
    </ClCompile>
    <ClCompile Include="src\Engine\Graphics\GPUDevice.cpp">
      <Filter>src\Engine\Graphics</Filter>
    </ClCompile>
    <ClCompile Include="src\Engine\Graphics\GPUResourceCollection.cpp">
      <Filter>src\Engine\Graphics</Filter>
    </ClCompile>
    <ClCompile Include="src\Engine\Graphics\ImGuiRenderer.cpp">
      <Filter>src\Engine\Graphics</Filter>
    </ClCompile>
    <ClCompile Include="src\Engine\Graphics\Image\GPUImage.cpp">
      <Filter>src\Engine\Graphics\Image</Filter>
    </ClCompile>
    <ClCompile Include="src\Engine\Graphics\Image\GPUImageDescription.cpp">
      <Filter>src\Engine\Graphics\Image</Filter>
    </ClCompile>
    <ClCompile Include="src\Engine\Graphics\Material.cpp">
      <Filter>src\Engine\Graphics</Filter>
    </ClCompile>
    <ClCompile Include="src\Engine\Graphics\PixelFormatExtensions.cpp">
      <Filter>src\Engine\Graphics</Filter>
    </ClCompile>
    <ClCompile Include="src\Engine\Graphics\RenderGraph\RenderGraph.cpp">
      <Filter>src\Engine\Graphics\RenderGraph</Filter>
    </ClCompile>
    <ClCompile Include="src\Engine\Graphics\RenderGraph\RenderPass.cpp">
      <Filter>src\Engine\Graphics\RenderGraph</Filter>
    </ClCompile>
    <ClCompile Include="src\Engine\Graphics\Renderer.cpp">
      <Filter>src\Engine\Graphics</Filter>
    </ClCompile>
    <ClCompile Include="src\Engine\Graphics\ShaderCompliation.cpp">
      <Filter>src\Engine\Graphics</Filter>
    </ClCompile>
    <ClCompile Include="src\Engine\Graphics\Shaders\GPUShader.cpp">
      <Filter>src\Engine\Graphics\Shaders</Filter>
    </ClCompile>
    <ClCompile Include="src\Engine\Graphics\SplashScreen.cpp">
      <Filter>src\Engine\Graphics</Filter>
    </ClCompile>
    <ClCompile Include="src\Engine\Graphics\Texture.cpp">
      <Filter>src\Engine\Graphics</Filter>
    </ClCompile>
    <ClCompile Include="src\Engine\GraphicsAPI\Vulkan\GPUAdapterVulkan.cpp">
      <Filter>src\Engine\GraphicsAPI\Vulkan</Filter>
    </ClCompile>
    <ClCompile Include="src\Engine\GraphicsAPI\Vulkan\GPUCommandBufferVulkan.cpp">
      <Filter>src\Engine\GraphicsAPI\Vulkan</Filter>
    </ClCompile>
    <ClCompile Include="src\Engine\GraphicsAPI\Vulkan\GPUDeviceLayers.cpp">
      <Filter>src\Engine\GraphicsAPI\Vulkan</Filter>
    </ClCompile>
    <ClCompile Include="src\Engine\GraphicsAPI\Vulkan\GPUDeviceVulkan.cpp">
      <Filter>src\Engine\GraphicsAPI\Vulkan</Filter>
    </ClCompile>
    <ClCompile Include="src\Engine\GraphicsAPI\Vulkan\GPUImageVulkan.cpp">
      <Filter>src\Engine\GraphicsAPI\Vulkan</Filter>
    </ClCompile>
    <ClCompile Include="src\Engine\GraphicsAPI\Vulkan\GPUShaderVulkan.cpp">
      <Filter>src\Engine\GraphicsAPI\Vulkan</Filter>
    </ClCompile>
    <ClCompile Include="src\Engine\GraphicsAPI\Vulkan\RenderGraph\RenderGraphVulkan.cpp">
      <Filter>src\Engine\GraphicsAPI\Vulkan\RenderGraph</Filter>
    </ClCompile>
    <ClCompile Include="src\Engine\GraphicsAPI\Vulkan\VmaUsage.cpp">
      <Filter>src\Engine\GraphicsAPI\Vulkan</Filter>
    </ClCompile>
    <ClCompile Include="src\Engine\GraphicsAPI\Vulkan\VulkanDebug.cpp">
      <Filter>src\Engine\GraphicsAPI\Vulkan</Filter>
    </ClCompile>
    <ClCompile Include="src\Engine\GraphicsAPI\Vulkan\VulkanUtils.cpp">
      <Filter>src\Engine\GraphicsAPI\Vulkan</Filter>
    </ClCompile>
    <ClCompile Include="src\Engine\GraphicsAPI\Vulkan\Win32\Win32VulkanPlatform.cpp">
      <Filter>src\Engine\GraphicsAPI\Vulkan\Win32</Filter>
    </ClCompile>
    <ClCompile Include="src\Engine\GraphicsAPI\Vulkan\Win32\Win32VulkanPlatformBase.cpp">
      <Filter>src\Engine\GraphicsAPI\Vulkan\Win32</Filter>
    </ClCompile>
    <ClCompile Include="src\Engine\Input\Input.cpp">
      <Filter>src\Engine\Input</Filter>
    </ClCompile>
    <ClCompile Include="src\Engine\Library\ModelLibrary.cpp">
      <Filter>src\Engine\Library</Filter>
    </ClCompile>
    <ClCompile Include="src\Engine\Library\ShaderLibrary.cpp">
      <Filter>src\Engine\Library</Filter>
    </ClCompile>
    <ClCompile Include="src\Engine\Memory\FreeListAllocator.cpp">
      <Filter>src\Engine\Memory</Filter>
    </ClCompile>
    <ClCompile Include="src\Engine\Memory\MemoryManager.cpp">
      <Filter>src\Engine\Memory</Filter>
    </ClCompile>
    <ClCompile Include="src\Engine\Memory\ProfilerMemory.cpp">
      <Filter>src\Engine\Memory</Filter>
    </ClCompile>
    <ClCompile Include="src\Engine\Memory\StackAllocator.cpp">
      <Filter>src\Engine\Memory</Filter>
    </ClCompile>
    <ClCompile Include="src\Engine\Model\Mesh.cpp">
      <Filter>src\Engine\Model</Filter>
    </ClCompile>
    <ClCompile Include="src\Engine\Model\Model.cpp">
      <Filter>src\Engine\Model</Filter>
    </ClCompile>
    <ClCompile Include="src\Engine\Model\SubMesh.cpp">
      <Filter>src\Engine\Model</Filter>
    </ClCompile>
    <ClCompile Include="src\Engine\Module\AssetModule.cpp">
      <Filter>src\Engine\Module</Filter>
    </ClCompile>
    <ClCompile Include="src\Engine\Module\GraphicsModule.cpp">
      <Filter>src\Engine\Module</Filter>
    </ClCompile>
    <ClCompile Include="src\Engine\Module\InputModule.cpp">
      <Filter>src\Engine\Module</Filter>
    </ClCompile>
    <ClCompile Include="src\Engine\Module\ModuleManager.cpp">
      <Filter>src\Engine\Module</Filter>
    </ClCompile>
    <ClCompile Include="src\Engine\Module\WindowModule.cpp">
      <Filter>src\Engine\Module</Filter>
    </ClCompile>
    <ClCompile Include="src\Engine\Platform\Win32\Win32Platform.cpp">
      <Filter>src\Engine\Platform\Win32</Filter>
    </ClCompile>
    <ClCompile Include="src\Engine\Platform\Windows\PlatformWindows.cpp">
      <Filter>src\Engine\Platform\Windows</Filter>
    </ClCompile>
    <ClCompile Include="src\Engine\RTTI\RTTI.cpp">
      <Filter>src\Engine\RTTI</Filter>
    </ClCompile>
    <ClCompile Include="src\Engine\Scene\Scene.cpp">
      <Filter>src\Engine\Scene</Filter>
    </ClCompile>
    <ClCompile Include="src\Engine\Serialization\File\SerializableFile.cpp">
      <Filter>src\Engine\Serialization\File</Filter>
    </ClCompile>
    <ClCompile Include="src\Engine\Serialization\File\SerializableFormat_JSON.cpp">
      <Filter>src\Engine\Serialization\File</Filter>
    </ClCompile>
    <ClCompile Include="src\Engine\Serialization\File\SerializableFormat_XML.cpp">
      <Filter>src\Engine\Serialization\File</Filter>
    </ClCompile>
    <ClCompile Include="src\Engine\Serialization\Serializable.cpp">
      <Filter>src\Engine\Serialization</Filter>
    </ClCompile>
    <ClCompile Include="src\Engine\ShaderParser\ShaderParser.cpp">
      <Filter>src\Engine\ShaderParser</Filter>
    </ClCompile>
    <ClCompile Include="src\Engine\Threading\TThreadSafe.cpp">
      <Filter>src\Engine\Threading</Filter>
    </ClCompile>
    <ClCompile Include="src\Engine\Time\Stopwatch.cpp">
      <Filter>src\Engine\Time</Filter>
    </ClCompile>
    <ClCompile Include="src\Engine\Time\Time.cpp">
      <Filter>src\Engine\Time</Filter>
    </ClCompile>
    <ClCompile Include="src\Engine\Utils\Crc.cpp">
      <Filter>src\Engine\Utils</Filter>
    </ClCompile>
    <ClCompile Include="src\Platform\Vulkan\Swapchain.cpp">
      <Filter>src\Platform\Vulkan</Filter>
    </ClCompile>
    <ClCompile Include="src\Platform\Vulkan\VulkanBuffer.cpp">
      <Filter>src\Platform\Vulkan</Filter>
    </ClCompile>
    <ClCompile Include="src\Platform\Vulkan\VulkanDebug.cpp">
      <Filter>src\Platform\Vulkan</Filter>
    </ClCompile>
    <ClCompile Include="src\Platform\Vulkan\VulkanDevice.cpp">
      <Filter>src\Platform\Vulkan</Filter>
    </ClCompile>
    <ClCompile Include="src\Platform\Vulkan\VulkanFrameBuffer.cpp">
      <Filter>src\Platform\Vulkan</Filter>
    </ClCompile>
    <ClCompile Include="src\Platform\Vulkan\VulkanHeader.cpp">
      <Filter>src\Platform\Vulkan</Filter>
    </ClCompile>
    <ClCompile Include="src\Platform\Vulkan\VulkanImGUIRenderer.cpp">
      <Filter>src\Platform\Vulkan</Filter>
    </ClCompile>
    <ClCompile Include="src\Platform\Vulkan\VulkanMaterial.cpp">
      <Filter>src\Platform\Vulkan</Filter>
    </ClCompile>
    <ClCompile Include="src\Platform\Vulkan\VulkanPipeline.cpp">
      <Filter>src\Platform\Vulkan</Filter>
    </ClCompile>
    <ClCompile Include="src\Platform\Vulkan\VulkanRenderer.cpp">
      <Filter>src\Platform\Vulkan</Filter>
    </ClCompile>
    <ClCompile Include="src\Platform\Vulkan\VulkanTexture.cpp">
      <Filter>src\Platform\Vulkan</Filter>
    </ClCompile>
    <ClCompile Include="src\ispch.cpp">
      <Filter>src</Filter>
    </ClCompile>
    <ClCompile Include="vendor\TinyXML2\tinyxml2.cpp">
      <Filter>vendor\TinyXML2</Filter>
    </ClCompile>
    <ClCompile Include="vendor\stb_image\stb_image.cpp">
      <Filter>vendor\stb_image</Filter>
    </ClCompile>
    <ClCompile Include="src\Engine\Core\Maths\Rect.cpp">
      <Filter>src\Engine\Core\Maths</Filter>
    </ClCompile>
  </ItemGroup>
</Project>