<?xml version="1.0" encoding="utf-8"?>
<Project ToolsVersion="4.0" xmlns="http://schemas.microsoft.com/developer/msbuild/2003">
  <ItemGroup>
    <Filter Include="Insight">
      <UniqueIdentifier>{5BBF0E00-C79E-8D9B-D0B6-18723C15F4FC}</UniqueIdentifier>
    </Filter>
    <Filter Include="Insight\Config">
      <UniqueIdentifier>{0006DA83-ECD3-CD89-D567-3EB0C1D4A9EE}</UniqueIdentifier>
    </Filter>
    <Filter Include="Insight\Maths">
      <UniqueIdentifier>{079820D6-7358-9C0C-3C93-E589A812E1E8}</UniqueIdentifier>
    </Filter>
    <Filter Include="Insight\Memory">
      <UniqueIdentifier>{6342789A-4F10-6CA0-38A4-DCC624114805}</UniqueIdentifier>
    </Filter>
    <Filter Include="Insight\Module">
      <UniqueIdentifier>{B060289B-9C2E-1CA1-85C2-8CC7712FF805}</UniqueIdentifier>
    </Filter>
    <Filter Include="Insight\Renderer">
      <UniqueIdentifier>{617962B8-4D72-810A-76A4-668F62FC6016}</UniqueIdentifier>
    </Filter>
    <Filter Include="Insight\ShaderParser">
      <UniqueIdentifier>{6EE46208-5A73-ECD1-0392-00CDEFFFFC77}</UniqueIdentifier>
    </Filter>
    <Filter Include="Insight\Time">
      <UniqueIdentifier>{D9ECE599-C54F-753E-6ED5-ADF45A1741C1}</UniqueIdentifier>
    </Filter>
  </ItemGroup>
  <ItemGroup>
    <ClInclude Include="src\Insight.h" />
    <ClInclude Include="src\Insight\Application.h">
      <Filter>Insight</Filter>
    </ClInclude>
    <ClInclude Include="src\Insight\Config\CVar.h">
      <Filter>Insight\Config</Filter>
    </ClInclude>
    <ClInclude Include="src\Insight\Config\Config.h">
      <Filter>Insight\Config</Filter>
    </ClInclude>
    <ClInclude Include="src\Insight\Config\ConfigRegistry.h">
      <Filter>Insight\Config</Filter>
    </ClInclude>
    <ClInclude Include="src\Insight\Config\ICVar.h">
      <Filter>Insight\Config</Filter>
    </ClInclude>
    <ClInclude Include="src\Insight\Core.h">
      <Filter>Insight</Filter>
    </ClInclude>
    <ClInclude Include="src\Insight\EntryPoint.h">
      <Filter>Insight</Filter>
    </ClInclude>
    <ClInclude Include="src\Insight\InsightAlias.h">
      <Filter>Insight</Filter>
    </ClInclude>
    <ClInclude Include="src\Insight\Log.h">
      <Filter>Insight</Filter>
    </ClInclude>
    <ClInclude Include="src\Insight\Maths\Matrix3.h">
      <Filter>Insight\Maths</Filter>
    </ClInclude>
    <ClInclude Include="src\Insight\Maths\Matrix4.h">
      <Filter>Insight\Maths</Filter>
    </ClInclude>
    <ClInclude Include="src\Insight\Maths\Vector2.h">
      <Filter>Insight\Maths</Filter>
    </ClInclude>
    <ClInclude Include="src\Insight\Maths\Vector3.h">
      <Filter>Insight\Maths</Filter>
    </ClInclude>
    <ClInclude Include="src\Insight\Maths\Vector4.h">
      <Filter>Insight\Maths</Filter>
    </ClInclude>
    <ClInclude Include="src\Insight\Memory\FreeListAllocator.h">
      <Filter>Insight\Memory</Filter>
    </ClInclude>
    <ClInclude Include="src\Insight\Memory\MemoryManager.h">
      <Filter>Insight\Memory</Filter>
    </ClInclude>
    <ClInclude Include="src\Insight\Memory\MemoryUtils.h">
      <Filter>Insight\Memory</Filter>
    </ClInclude>
    <ClInclude Include="src\Insight\Memory\SinglyLinkedList.h">
      <Filter>Insight\Memory</Filter>
    </ClInclude>
    <ClInclude Include="src\Insight\Memory\StackAllocator.h">
      <Filter>Insight\Memory</Filter>
    </ClInclude>
    <ClInclude Include="src\Insight\Module\GraphicsModule.h">
      <Filter>Insight\Module</Filter>
    </ClInclude>
    <ClInclude Include="src\Insight\Module\Module.h">
      <Filter>Insight\Module</Filter>
    </ClInclude>
    <ClInclude Include="src\Insight\Module\ModuleManager.h">
      <Filter>Insight\Module</Filter>
    </ClInclude>
    <ClInclude Include="src\Insight\Module\WindowModule.h">
      <Filter>Insight\Module</Filter>
    </ClInclude>
    <ClInclude Include="src\Insight\Renderer\Device.h">
      <Filter>Insight\Renderer</Filter>
    </ClInclude>
    <ClInclude Include="src\Insight\Renderer\Queue.h">
      <Filter>Insight\Renderer</Filter>
    </ClInclude>
    <ClInclude Include="src\Insight\Renderer\QueueFamily.h">
      <Filter>Insight\Renderer</Filter>
    </ClInclude>
    <ClInclude Include="src\Insight\Renderer\Renderer.h">
      <Filter>Insight\Renderer</Filter>
    </ClInclude>
    <ClInclude Include="src\Insight\Renderer\ShaderModuleBase.h">
      <Filter>Insight\Renderer</Filter>
    </ClInclude>
    <ClInclude Include="src\Insight\Renderer\Swapchain.h">
      <Filter>Insight\Renderer</Filter>
    </ClInclude>
    <ClInclude Include="src\Insight\Renderer\Vulkan.h">
      <Filter>Insight\Renderer</Filter>
    </ClInclude>
    <ClInclude Include="src\Insight\Renderer\VulkanInits.h">
      <Filter>Insight\Renderer</Filter>
    </ClInclude>
    <ClInclude Include="src\Insight\Renderer\VulkanRenderer.h">
      <Filter>Insight\Renderer</Filter>
    </ClInclude>
    <ClInclude Include="src\Insight\ShaderParser\ShaderParser.h">
      <Filter>Insight\ShaderParser</Filter>
    </ClInclude>
    <ClInclude Include="src\Insight\Time\Stopwatch.h">
      <Filter>Insight\Time</Filter>
    </ClInclude>
    <ClInclude Include="src\Insight\Time\Time.h">
      <Filter>Insight\Time</Filter>
    </ClInclude>
    <ClInclude Include="src\ispch.h" />
  </ItemGroup>
  <ItemGroup>
    <ClCompile Include="src\Insight\Application.cpp">
      <Filter>Insight</Filter>
    </ClCompile>
    <ClCompile Include="src\Insight\Config\CVar.cpp">
      <Filter>Insight\Config</Filter>
    </ClCompile>
    <ClCompile Include="src\Insight\Config\Config.cpp">
      <Filter>Insight\Config</Filter>
    </ClCompile>
    <ClCompile Include="src\Insight\Log.cpp">
      <Filter>Insight</Filter>
    </ClCompile>
    <ClCompile Include="src\Insight\Maths\Matrix3.cpp">
      <Filter>Insight\Maths</Filter>
    </ClCompile>
    <ClCompile Include="src\Insight\Maths\Matrix4.cpp">
      <Filter>Insight\Maths</Filter>
    </ClCompile>
    <ClCompile Include="src\Insight\Maths\Vector2.cpp">
      <Filter>Insight\Maths</Filter>
    </ClCompile>
    <ClCompile Include="src\Insight\Maths\Vector3.cpp">
      <Filter>Insight\Maths</Filter>
    </ClCompile>
    <ClCompile Include="src\Insight\Maths\Vector4.cpp">
      <Filter>Insight\Maths</Filter>
    </ClCompile>
    <ClCompile Include="src\Insight\Memory\FreeListAllocator.cpp">
      <Filter>Insight\Memory</Filter>
    </ClCompile>
    <ClCompile Include="src\Insight\Memory\MemoryManager.cpp">
      <Filter>Insight\Memory</Filter>
    </ClCompile>
    <ClCompile Include="src\Insight\Memory\StackAllocator.cpp">
      <Filter>Insight\Memory</Filter>
    </ClCompile>
    <ClCompile Include="src\Insight\Module\GraphicsModule.cpp">
      <Filter>Insight\Module</Filter>
    </ClCompile>
    <ClCompile Include="src\Insight\Module\ModuleManager.cpp">
      <Filter>Insight\Module</Filter>
    </ClCompile>
    <ClCompile Include="src\Insight\Module\WindowModule.cpp">
      <Filter>Insight\Module</Filter>
    </ClCompile>
    <ClCompile Include="src\Insight\Renderer\Device.cpp">
      <Filter>Insight\Renderer</Filter>
    </ClCompile>
    <ClCompile Include="src\Insight\Renderer\Queue.cpp">
      <Filter>Insight\Renderer</Filter>
    </ClCompile>
    <ClCompile Include="src\Insight\Renderer\QueueFamily.cpp">
      <Filter>Insight\Renderer</Filter>
    </ClCompile>
    <ClCompile Include="src\Insight\Renderer\Renderer.cpp">
      <Filter>Insight\Renderer</Filter>
    </ClCompile>
    <ClCompile Include="src\Insight\Renderer\ShaderModuleBase.cpp">
      <Filter>Insight\Renderer</Filter>
    </ClCompile>
    <ClCompile Include="src\Insight\Renderer\Swapchain.cpp">
      <Filter>Insight\Renderer</Filter>
    </ClCompile>
    <ClCompile Include="src\Insight\Renderer\VulkanRenderer.cpp">
      <Filter>Insight\Renderer</Filter>
    </ClCompile>
    <ClCompile Include="src\Insight\ShaderParser\ShaderParser.cpp">
      <Filter>Insight\ShaderParser</Filter>
    </ClCompile>
    <ClCompile Include="src\Insight\Time\Stopwatch.cpp">
      <Filter>Insight\Time</Filter>
    </ClCompile>
    <ClCompile Include="src\Insight\Time\Time.cpp">
      <Filter>Insight\Time</Filter>
    </ClCompile>
    <ClCompile Include="src\ispch.cpp" />
  </ItemGroup>
</Project>